// !$*UTF8*$!
{
	archiveVersion = 1;
	classes = {
	};
	objectVersion = 50;
	objects = {

/* Begin PBXBuildFile section */
		4E2BA30721185B1500184424 /* CarsList.swift in Sources */ = {isa = PBXBuildFile; fileRef = 4E2BA2FE21185B1400184424 /* CarsList.swift */; };
		4E2BA30821185B1500184424 /* Recognition.swift in Sources */ = {isa = PBXBuildFile; fileRef = 4E2BA2FF21185B1400184424 /* Recognition.swift */; };
		4E2BA30921185B1500184424 /* Screen.swift in Sources */ = {isa = PBXBuildFile; fileRef = 4E2BA30021185B1400184424 /* Screen.swift */; };
		4E2BA30A21185B1500184424 /* GherkinSyntax.swift in Sources */ = {isa = PBXBuildFile; fileRef = 4E2BA30221185B1500184424 /* GherkinSyntax.swift */; };
		4E2BA30B21185B1500184424 /* XCUITestCase.swift in Sources */ = {isa = PBXBuildFile; fileRef = 4E2BA30321185B1500184424 /* XCUITestCase.swift */; };
		4E2BA30C21185B1500184424 /* TestBuilder.swift in Sources */ = {isa = PBXBuildFile; fileRef = 4E2BA30421185B1500184424 /* TestBuilder.swift */; };
		4E2BA30E21185B1500184424 /* UIImage+RemovingStatusBar.swift in Sources */ = {isa = PBXBuildFile; fileRef = 4E2BA30621185B1500184424 /* UIImage+RemovingStatusBar.swift */; };
		4E4CE75C215B9F030053C24B /* ToastDisplayer.swift in Sources */ = {isa = PBXBuildFile; fileRef = 4E4CE75B215B9F030053C24B /* ToastDisplayer.swift */; };
		4E5D80D4211824E600ABA404 /* TestUI-Common.xcconfig in Resources */ = {isa = PBXBuildFile; fileRef = 4E5D80D3211824E600ABA404 /* TestUI-Common.xcconfig */; };
		4ED4EA662112EFE5008E931A /* CarsListTestCase.swift in Sources */ = {isa = PBXBuildFile; fileRef = 4ED4EA652112EFE5008E931A /* CarsListTestCase.swift */; };
		7C21A13E20EE7ABF001E5714 /* CarListCollectionViewCell.swift in Sources */ = {isa = PBXBuildFile; fileRef = 7C21A13D20EE7ABF001E5714 /* CarListCollectionViewCell.swift */; };
		7C21A14020EE807B001E5714 /* UICollectionViewExtension.swift in Sources */ = {isa = PBXBuildFile; fileRef = 7C21A13F20EE807B001E5714 /* UICollectionViewExtension.swift */; };
		7C21A14220EE819F001E5714 /* CarListFlowLayout.swift in Sources */ = {isa = PBXBuildFile; fileRef = 7C21A14120EE819F001E5714 /* CarListFlowLayout.swift */; };
		7C21A14420EE8770001E5714 /* CarListLayoutAttributes.swift in Sources */ = {isa = PBXBuildFile; fileRef = 7C21A14320EE8770001E5714 /* CarListLayoutAttributes.swift */; };
		7C33E02D20BD695600784D63 /* ApplicationDelegate.swift in Sources */ = {isa = PBXBuildFile; fileRef = 7C33E02C20BD695600784D63 /* ApplicationDelegate.swift */; };
		7C33E03420BD695700784D63 /* Assets.xcassets in Resources */ = {isa = PBXBuildFile; fileRef = 7C33E03320BD695700784D63 /* Assets.xcassets */; };
		7C33E03720BD695700784D63 /* LaunchScreen.storyboard in Resources */ = {isa = PBXBuildFile; fileRef = 7C33E03520BD695700784D63 /* LaunchScreen.storyboard */; };
		7C33E06E20BD729B00784D63 /* Keys.podspec.json in Resources */ = {isa = PBXBuildFile; fileRef = 7C33E06C20BD729B00784D63 /* Keys.podspec.json */; };
		7C33E06F20BD729B00784D63 /* CarLensKeys.m in Sources */ = {isa = PBXBuildFile; fileRef = 7C33E06D20BD729B00784D63 /* CarLensKeys.m */; };
		7C3DC69720F771E0005C8865 /* CarScene.swift in Sources */ = {isa = PBXBuildFile; fileRef = 7C3DC69620F771E0005C8865 /* CarScene.swift */; };
		7C3DC69920F77EFF005C8865 /* UIDeviceExtension.swift in Sources */ = {isa = PBXBuildFile; fileRef = 7C3DC69820F77EFF005C8865 /* UIDeviceExtension.swift */; };
		7C3E01C620F5EACB003B83D6 /* BLOKKNeue-Regular.ttf in Resources */ = {isa = PBXBuildFile; fileRef = 7C3E01C520F5EA6D003B83D6 /* BLOKKNeue-Regular.ttf */; };
		7C57310E20EB897B00BE5751 /* CarARConfiguration.swift in Sources */ = {isa = PBXBuildFile; fileRef = 7C57310D20EB897B00BE5751 /* CarARConfiguration.swift */; };
		7C57311020EB904100BE5751 /* ARAnchorExtension.swift in Sources */ = {isa = PBXBuildFile; fileRef = 7C57310F20EB904100BE5751 /* ARAnchorExtension.swift */; };
		7C67179320EF85C600183AB4 /* LabeledCarImageView.swift in Sources */ = {isa = PBXBuildFile; fileRef = 7C67179220EF85C600183AB4 /* LabeledCarImageView.swift */; };
		7C67179520F243C800183AB4 /* CarListCardView.swift in Sources */ = {isa = PBXBuildFile; fileRef = 7C67179420F243C800183AB4 /* CarListCardView.swift */; };
		7C77741320E64EC8007B3851 /* NodeShift.swift in Sources */ = {isa = PBXBuildFile; fileRef = 7C77741220E64EC8007B3851 /* NodeShift.swift */; };
		7C77741620E650EC007B3851 /* SKNodeFactory.swift in Sources */ = {isa = PBXBuildFile; fileRef = 7C77741520E650EC007B3851 /* SKNodeFactory.swift */; };
		7C77741920E65398007B3851 /* Car.swift in Sources */ = {isa = PBXBuildFile; fileRef = 7C77741820E65398007B3851 /* Car.swift */; };
		7C93D49020E627EB00AF6FFC /* ApplicationFactory.swift in Sources */ = {isa = PBXBuildFile; fileRef = 7C93D48F20E627EB00AF6FFC /* ApplicationFactory.swift */; };
		7C93D49220E62C8200AF6FFC /* FlowController.swift in Sources */ = {isa = PBXBuildFile; fileRef = 7C93D49120E62C8200AF6FFC /* FlowController.swift */; };
		7C93D49520E62CE600AF6FFC /* RecognitionFlowController.swift in Sources */ = {isa = PBXBuildFile; fileRef = 7C93D49420E62CE600AF6FFC /* RecognitionFlowController.swift */; };
		7C93D49920E6316900AF6FFC /* AugmentedRealityViewController.swift in Sources */ = {isa = PBXBuildFile; fileRef = 7C93D49820E6316900AF6FFC /* AugmentedRealityViewController.swift */; };
		7C93D49B20E6317300AF6FFC /* AugmentedRealityView.swift in Sources */ = {isa = PBXBuildFile; fileRef = 7C93D49A20E6317300AF6FFC /* AugmentedRealityView.swift */; };
		7C93D49D20E6367000AF6FFC /* UIViewControllerExtension.swift in Sources */ = {isa = PBXBuildFile; fileRef = 7C93D49C20E6367000AF6FFC /* UIViewControllerExtension.swift */; };
		7CAD86D220F342CB0064D50E /* CarListNavigationBar.swift in Sources */ = {isa = PBXBuildFile; fileRef = 7CAD86D120F342CB0064D50E /* CarListNavigationBar.swift */; };
		7CAD86D420F383750064D50E /* SearchService.swift in Sources */ = {isa = PBXBuildFile; fileRef = 7CAD86D320F383750064D50E /* SearchService.swift */; };
		7CAD86D920F4AB840064D50E /* LocalCarsDataService.swift in Sources */ = {isa = PBXBuildFile; fileRef = 7CAD86D820F4AB840064D50E /* LocalCarsDataService.swift */; };
		7CAD86E120F4B13D0064D50E /* cars.json in Resources */ = {isa = PBXBuildFile; fileRef = 7CAD86E020F4B13C0064D50E /* cars.json */; };
		7CAD86E320F4B4840064D50E /* CarsDatabaseService.swift in Sources */ = {isa = PBXBuildFile; fileRef = 7CAD86E220F4B4840064D50E /* CarsDatabaseService.swift */; };
		7CAD86E520F4B6720064D50E /* CarsDataService.swift in Sources */ = {isa = PBXBuildFile; fileRef = 7CAD86E420F4B6720064D50E /* CarsDataService.swift */; };
		7CB817B120C930E200B51C3D /* ApplicationKeys.swift in Sources */ = {isa = PBXBuildFile; fileRef = 7CB817B020C930E200B51C3D /* ApplicationKeys.swift */; };
		7CB817B320C9313500B51C3D /* ApplicationDependencies.swift in Sources */ = {isa = PBXBuildFile; fileRef = 7CB817B220C9313500B51C3D /* ApplicationDependencies.swift */; };
		7CB817BC20C9320700B51C3D /* CrashLogger.swift in Sources */ = {isa = PBXBuildFile; fileRef = 7CB817BB20C9320700B51C3D /* CrashLogger.swift */; };
		7CB817BE20C932E500B51C3D /* AlertPresentable.swift in Sources */ = {isa = PBXBuildFile; fileRef = 7CB817BD20C932E500B51C3D /* AlertPresentable.swift */; };
		7CB817C020C9332000B51C3D /* ViewSetupable.swift in Sources */ = {isa = PBXBuildFile; fileRef = 7CB817BF20C9332000B51C3D /* ViewSetupable.swift */; };
		7CB817C220C9333C00B51C3D /* Loader.swift in Sources */ = {isa = PBXBuildFile; fileRef = 7CB817C120C9333C00B51C3D /* Loader.swift */; };
		7CB817C520C9336500B51C3D /* Localizable.swift in Sources */ = {isa = PBXBuildFile; fileRef = 7CB817C420C9336500B51C3D /* Localizable.swift */; };
		7CB817C720C9337000B51C3D /* Localizable.strings in Resources */ = {isa = PBXBuildFile; fileRef = 7CB817C620C9337000B51C3D /* Localizable.strings */; };
		7CB817C920C933CB00B51C3D /* HockeyAppService.swift in Sources */ = {isa = PBXBuildFile; fileRef = 7CB817C820C933CB00B51C3D /* HockeyAppService.swift */; };
		7CB817CC20C934A900B51C3D /* SeparatorView.swift in Sources */ = {isa = PBXBuildFile; fileRef = 7CB817CB20C934A900B51C3D /* SeparatorView.swift */; };
		7CB817CE20C934DE00B51C3D /* DefaultLoader.swift in Sources */ = {isa = PBXBuildFile; fileRef = 7CB817CD20C934DE00B51C3D /* DefaultLoader.swift */; };
		7CB817D320C9353200B51C3D /* UIStackViewExtension.swift in Sources */ = {isa = PBXBuildFile; fileRef = 7CB817CF20C9353100B51C3D /* UIStackViewExtension.swift */; };
		7CB817D520C9353200B51C3D /* UIColorExtension.swift in Sources */ = {isa = PBXBuildFile; fileRef = 7CB817D120C9353200B51C3D /* UIColorExtension.swift */; };
		7CB817D620C9353200B51C3D /* UIViewExtension+Constraint.swift in Sources */ = {isa = PBXBuildFile; fileRef = 7CB817D220C9353200B51C3D /* UIViewExtension+Constraint.swift */; };
		7CB817DE20C935B200B51C3D /* TableViewCell.swift in Sources */ = {isa = PBXBuildFile; fileRef = 7CB817D820C935B100B51C3D /* TableViewCell.swift */; };
		7CB817DF20C935B200B51C3D /* TypedViewController.swift in Sources */ = {isa = PBXBuildFile; fileRef = 7CB817D920C935B100B51C3D /* TypedViewController.swift */; };
		7CB817E020C935B200B51C3D /* View.swift in Sources */ = {isa = PBXBuildFile; fileRef = 7CB817DA20C935B100B51C3D /* View.swift */; };
		7CB817E120C935B200B51C3D /* FlowAwareViewController.swift in Sources */ = {isa = PBXBuildFile; fileRef = 7CB817DB20C935B200B51C3D /* FlowAwareViewController.swift */; };
		7CB817E220C935B200B51C3D /* KeyboardAwareViewController.swift in Sources */ = {isa = PBXBuildFile; fileRef = 7CB817DC20C935B200B51C3D /* KeyboardAwareViewController.swift */; };
		7CB817E420C9362400B51C3D /* NavigationBarSetupable.swift in Sources */ = {isa = PBXBuildFile; fileRef = 7CB817E320C9362400B51C3D /* NavigationBarSetupable.swift */; };
		7CB817E620C9368300B51C3D /* ApplicationFlowController.swift in Sources */ = {isa = PBXBuildFile; fileRef = 7CB817E520C9368300B51C3D /* ApplicationFlowController.swift */; };
		7CB817EA20C937EA00B51C3D /* RecognitionViewController.swift in Sources */ = {isa = PBXBuildFile; fileRef = 7CB817E920C937EA00B51C3D /* RecognitionViewController.swift */; };
		7CB817EC20C937FB00B51C3D /* RecognitionView.swift in Sources */ = {isa = PBXBuildFile; fileRef = 7CB817EB20C937FB00B51C3D /* RecognitionView.swift */; };
		7CB817EE20C93B6700B51C3D /* CarClassificationService.swift in Sources */ = {isa = PBXBuildFile; fileRef = 7CB817ED20C93B6700B51C3D /* CarClassificationService.swift */; };
		7CB817F620C95BB200B51C3D /* RecognitionResult.swift in Sources */ = {isa = PBXBuildFile; fileRef = 7CB817F520C95BB200B51C3D /* RecognitionResult.swift */; };
		7CB817F920C9686300B51C3D /* CRNumberFormatter.swift in Sources */ = {isa = PBXBuildFile; fileRef = 7CB817F820C9686300B51C3D /* CRNumberFormatter.swift */; };
		7CB817FD20CA865700B51C3D /* CRTimeFormatter.swift in Sources */ = {isa = PBXBuildFile; fileRef = 7CB817FC20CA865700B51C3D /* CRTimeFormatter.swift */; };
		7CD6212720EDF9DE0035DDD7 /* LOTAnimationViewExtension.swift in Sources */ = {isa = PBXBuildFile; fileRef = 7CD6212620EDF9DE0035DDD7 /* LOTAnimationViewExtension.swift */; };
		7CE4290220D13A7D00539FC6 /* UITableViewExtension.swift in Sources */ = {isa = PBXBuildFile; fileRef = 7CE4290120D13A7D00539FC6 /* UITableViewExtension.swift */; };
		7CE4290420D13A9B00539FC6 /* NSObjectExtension.swift in Sources */ = {isa = PBXBuildFile; fileRef = 7CE4290320D13A9B00539FC6 /* NSObjectExtension.swift */; };
		7CEDA77020ECD32D00DF3AF0 /* PartOvalProgressView.swift in Sources */ = {isa = PBXBuildFile; fileRef = 7CEDA76F20ECD32D00DF3AF0 /* PartOvalProgressView.swift */; };
		7CEDA77220ECD34100DF3AF0 /* FullOvalProgressView.swift in Sources */ = {isa = PBXBuildFile; fileRef = 7CEDA77120ECD34100DF3AF0 /* FullOvalProgressView.swift */; };
		7CEDA77420ECD35400DF3AF0 /* HorizontalProgressChartView.swift in Sources */ = {isa = PBXBuildFile; fileRef = 7CEDA77320ECD35400DF3AF0 /* HorizontalProgressChartView.swift */; };
		7CEDA77620ECD36400DF3AF0 /* HorizontalStarsView.swift in Sources */ = {isa = PBXBuildFile; fileRef = 7CEDA77520ECD36400DF3AF0 /* HorizontalStarsView.swift */; };
		7CEDA77920ECD5F100DF3AF0 /* CarsListViewController.swift in Sources */ = {isa = PBXBuildFile; fileRef = 7CEDA77820ECD5F100DF3AF0 /* CarsListViewController.swift */; };
		7CEDA77B20ECD5FA00DF3AF0 /* CarsListView.swift in Sources */ = {isa = PBXBuildFile; fileRef = 7CEDA77A20ECD5FA00DF3AF0 /* CarsListView.swift */; };
		7CEDA77E20ED044F00DF3AF0 /* gliscor-gothic.ttf in Resources */ = {isa = PBXBuildFile; fileRef = 7CEDA77D20ED044F00DF3AF0 /* gliscor-gothic.ttf */; };
		7CEDA78020ED04DE00DF3AF0 /* UIFontExtension.swift in Sources */ = {isa = PBXBuildFile; fileRef = 7CEDA77F20ED04DE00DF3AF0 /* UIFontExtension.swift */; };
		7CEDA78420ED474D00DF3AF0 /* CarSpecificationChartConfiguration.swift in Sources */ = {isa = PBXBuildFile; fileRef = 7CEDA78320ED474D00DF3AF0 /* CarSpecificationChartConfiguration.swift */; };
		7CEDA78620ED4EF900DF3AF0 /* NSAttributedStringFactory.swift in Sources */ = {isa = PBXBuildFile; fileRef = 7CEDA78520ED4EF900DF3AF0 /* NSAttributedStringFactory.swift */; };
		7CF269D320EA432100DCC27D /* DetectionViewfinderView.swift in Sources */ = {isa = PBXBuildFile; fileRef = 7CF269D220EA432100DCC27D /* DetectionViewfinderView.swift */; };
		7CF269D820EA4FBB00DCC27D /* InputNormalizationService.swift in Sources */ = {isa = PBXBuildFile; fileRef = 7CF269D720EA4FBB00DCC27D /* InputNormalizationService.swift */; };
		7CF269DA20EA527500DCC27D /* InputNormalizationServiceTests.swift in Sources */ = {isa = PBXBuildFile; fileRef = 7CF269D920EA527500DCC27D /* InputNormalizationServiceTests.swift */; };
		950EC1A42163D3B4008BFC92 /* OnboardingIndicatorAnimationView.swift in Sources */ = {isa = PBXBuildFile; fileRef = 950EC1A32163D3B4008BFC92 /* OnboardingIndicatorAnimationView.swift */; };
		953793FD211DB76D004C3195 /* NSAttributedStringExtension.swift in Sources */ = {isa = PBXBuildFile; fileRef = 953793FC211DB76D004C3195 /* NSAttributedStringExtension.swift */; };
		953793FF211DDD2F004C3195 /* UserDefaultsService.swift in Sources */ = {isa = PBXBuildFile; fileRef = 953793FE211DDD2F004C3195 /* UserDefaultsService.swift */; };
		953794042121A611004C3195 /* Onboarding.swift in Sources */ = {isa = PBXBuildFile; fileRef = 953794032121A611004C3195 /* Onboarding.swift */; };
		958B6F94216F866D00154E24 /* CarRecognizer.mlmodel in Sources */ = {isa = PBXBuildFile; fileRef = 958B6F92216F866D00154E24 /* CarRecognizer.mlmodel */; };
		958B6F95216F866D00154E24 /* CarDetector.mlmodel in Sources */ = {isa = PBXBuildFile; fileRef = 958B6F93216F866D00154E24 /* CarDetector.mlmodel */; };
		95C7732720FCF66D001DBCC1 /* SystemMetrics.swift in Sources */ = {isa = PBXBuildFile; fileRef = 95C7732620FCF66D001DBCC1 /* SystemMetrics.swift */; };
		95C7732A21022879001DBCC1 /* SystemMetricsTests.swift in Sources */ = {isa = PBXBuildFile; fileRef = 95C7732921022879001DBCC1 /* SystemMetricsTests.swift */; };
		95CA5AB02105E547000B4B0D /* FormattersTests.swift in Sources */ = {isa = PBXBuildFile; fileRef = 95CA5AAF2105E547000B4B0D /* FormattersTests.swift */; };
		95CA5AB22105F7D2000B4B0D /* LocalCarsDataServiceTests.swift in Sources */ = {isa = PBXBuildFile; fileRef = 95CA5AB12105F7D2000B4B0D /* LocalCarsDataServiceTests.swift */; };
		95CA5AB421060064000B4B0D /* RecognitionResultTests.swift in Sources */ = {isa = PBXBuildFile; fileRef = 95CA5AB321060064000B4B0D /* RecognitionResultTests.swift */; };
		95CA5AB6210745A1000B4B0D /* CarsDataServiceTests.swift in Sources */ = {isa = PBXBuildFile; fileRef = 95CA5AB5210745A1000B4B0D /* CarsDataServiceTests.swift */; };
		95CA5AB821074D35000B4B0D /* MockedCars.json in Resources */ = {isa = PBXBuildFile; fileRef = 95CA5AB721074D35000B4B0D /* MockedCars.json */; };
		95CA5ABB21085108000B4B0D /* URLOpenerService.swift in Sources */ = {isa = PBXBuildFile; fileRef = 95CA5ABA21085108000B4B0D /* URLOpenerService.swift */; };
		95CA5ABD210851F0000B4B0D /* UIApplicationExtension.swift in Sources */ = {isa = PBXBuildFile; fileRef = 95CA5ABC210851F0000B4B0D /* UIApplicationExtension.swift */; };
		95CA5ABF2108536A000B4B0D /* SearchServiceTests.swift in Sources */ = {isa = PBXBuildFile; fileRef = 95CA5ABE2108536A000B4B0D /* SearchServiceTests.swift */; };
		95CA5AC221085668000B4B0D /* UIApplicationMock.swift in Sources */ = {isa = PBXBuildFile; fileRef = 95CA5AC121085668000B4B0D /* UIApplicationMock.swift */; };
		95F3D2242145AD3100D4636C /* horizontal-progress-chart.json in Resources */ = {isa = PBXBuildFile; fileRef = 95F3D21E2145AD3100D4636C /* horizontal-progress-chart.json */; };
		95F3D2252145AD3100D4636C /* button-ripple.json in Resources */ = {isa = PBXBuildFile; fileRef = 95F3D21F2145AD3100D4636C /* button-ripple.json */; };
		95F3D2262145AD3100D4636C /* horizontal-stars.json in Resources */ = {isa = PBXBuildFile; fileRef = 95F3D2202145AD3100D4636C /* horizontal-stars.json */; };
		95F3D2272145AD3100D4636C /* viewfinder_bracket.json in Resources */ = {isa = PBXBuildFile; fileRef = 95F3D2212145AD3100D4636C /* viewfinder_bracket.json */; };
		95F3D22F2146ABB100D4636C /* onboarding.mp4 in Resources */ = {isa = PBXBuildFile; fileRef = 95F3D22E2146ABB100D4636C /* onboarding.mp4 */; };
		95F3D23D21496F4B00D4636C /* OnboardingFlowController.swift in Sources */ = {isa = PBXBuildFile; fileRef = 95F3D23121496F4B00D4636C /* OnboardingFlowController.swift */; };
		95F3D23E21496F4B00D4636C /* OnboardingViewController.swift in Sources */ = {isa = PBXBuildFile; fileRef = 95F3D23321496F4B00D4636C /* OnboardingViewController.swift */; };
		95F3D23F21496F4B00D4636C /* OnboardingAnimationPlayer.swift in Sources */ = {isa = PBXBuildFile; fileRef = 95F3D23521496F4B00D4636C /* OnboardingAnimationPlayer.swift */; };
		95F3D24021496F4B00D4636C /* OnboardingTransitionAnimationState.swift in Sources */ = {isa = PBXBuildFile; fileRef = 95F3D23621496F4B00D4636C /* OnboardingTransitionAnimationState.swift */; };
		95F3D24121496F4B00D4636C /* OnboardingView.swift in Sources */ = {isa = PBXBuildFile; fileRef = 95F3D23721496F4B00D4636C /* OnboardingView.swift */; };
		95F3D24221496F4B00D4636C /* OnboardingContentView.swift in Sources */ = {isa = PBXBuildFile; fileRef = 95F3D23A21496F4B00D4636C /* OnboardingContentView.swift */; };
		95F3D24321496F4B00D4636C /* OnboardingContentViewController.swift in Sources */ = {isa = PBXBuildFile; fileRef = 95F3D23B21496F4B00D4636C /* OnboardingContentViewController.swift */; };
		95F3D24421496F4B00D4636C /* OnboardingPageViewController.swift in Sources */ = {isa = PBXBuildFile; fileRef = 95F3D23C21496F4B00D4636C /* OnboardingPageViewController.swift */; };
		95F3D246214974BB00D4636C /* ApplicationConstants.swift in Sources */ = {isa = PBXBuildFile; fileRef = 95F3D245214974BB00D4636C /* ApplicationConstants.swift */; };
		E8379BB220FE18B9007D759B /* TextSwitcherView.swift in Sources */ = {isa = PBXBuildFile; fileRef = E8379BB120FE18B9007D759B /* TextSwitcherView.swift */; };
		E8473F0C21074C9A00EC9EF3 /* CarDatabaseServiceTests.swift in Sources */ = {isa = PBXBuildFile; fileRef = E8473F0B21074C9A00EC9EF3 /* CarDatabaseServiceTests.swift */; };
		E8473F1121074E0F00EC9EF3 /* ModelsFactory.swift in Sources */ = {isa = PBXBuildFile; fileRef = E8473F1021074E0F00EC9EF3 /* ModelsFactory.swift */; };
		E8473F1521074F5600EC9EF3 /* MockedCar.json in Resources */ = {isa = PBXBuildFile; fileRef = E8473F1421074F5600EC9EF3 /* MockedCar.json */; };
		E8473F18210752A300EC9EF3 /* JSON.swift in Sources */ = {isa = PBXBuildFile; fileRef = E8473F17210752A300EC9EF3 /* JSON.swift */; };
		E8473F1A210756F200EC9EF3 /* CarTests.swift in Sources */ = {isa = PBXBuildFile; fileRef = E8473F19210756F200EC9EF3 /* CarTests.swift */; };
		E8473F1C210757ED00EC9EF3 /* CarARConfigurationTests.swift in Sources */ = {isa = PBXBuildFile; fileRef = E8473F1B210757ED00EC9EF3 /* CarARConfigurationTests.swift */; };
		E8473F1E21075D7800EC9EF3 /* CarSpecificationChartConfigurationTests.swift in Sources */ = {isa = PBXBuildFile; fileRef = E8473F1D21075D7800EC9EF3 /* CarSpecificationChartConfigurationTests.swift */; };
		E8473F2521075F0B00EC9EF3 /* UIStackViewExtensionTests.swift in Sources */ = {isa = PBXBuildFile; fileRef = E8473F2421075F0B00EC9EF3 /* UIStackViewExtensionTests.swift */; };
		E8473F27210760B300EC9EF3 /* UIFontExtensionTests.swift in Sources */ = {isa = PBXBuildFile; fileRef = E8473F26210760B300EC9EF3 /* UIFontExtensionTests.swift */; };
		E852940920FCC377005B7A1A /* ViewProgressable.swift in Sources */ = {isa = PBXBuildFile; fileRef = E852940820FCC377005B7A1A /* ViewProgressable.swift */; };
		E89D791820ECB230006D2D8D /* CarCardViewController.swift in Sources */ = {isa = PBXBuildFile; fileRef = E89D791620ECB22F006D2D8D /* CarCardViewController.swift */; };
		E89D791920ECB230006D2D8D /* CarCardView.swift in Sources */ = {isa = PBXBuildFile; fileRef = E89D791720ECB22F006D2D8D /* CarCardView.swift */; };
		E89D791D20ECF9F0006D2D8D /* UIPanGestureRecognizerExtensions.swift in Sources */ = {isa = PBXBuildFile; fileRef = E89D791C20ECF9F0006D2D8D /* UIPanGestureRecognizerExtensions.swift */; };
		E8B63C7220F37588003C7F89 /* OvalProgressLayerView.swift in Sources */ = {isa = PBXBuildFile; fileRef = E8B63C7120F37588003C7F89 /* OvalProgressLayerView.swift */; };
		E8E4B1A020EE2A65009A93B7 /* ModelNameView.swift in Sources */ = {isa = PBXBuildFile; fileRef = E8E4B19F20EE2A65009A93B7 /* ModelNameView.swift */; };
		E8EC9DF120F630E700368E50 /* CameraAccessViewController.swift in Sources */ = {isa = PBXBuildFile; fileRef = E8EC9DF020F630E700368E50 /* CameraAccessViewController.swift */; };
		E8EC9DF320F630F000368E50 /* CameraAccessView.swift in Sources */ = {isa = PBXBuildFile; fileRef = E8EC9DF220F630F000368E50 /* CameraAccessView.swift */; };
		E8ED0A2A20EF8A8A002CF8B7 /* CarImage.swift in Sources */ = {isa = PBXBuildFile; fileRef = E8ED0A2920EF8A8A002CF8B7 /* CarImage.swift */; };
/* End PBXBuildFile section */

/* Begin PBXContainerItemProxy section */
		4EEF786521108232002C2AE5 /* PBXContainerItemProxy */ = {
			isa = PBXContainerItemProxy;
			containerPortal = 7C33E02120BD695600784D63 /* Project object */;
			proxyType = 1;
			remoteGlobalIDString = 7C33E02820BD695600784D63;
			remoteInfo = CarRecognition;
		};
		7C33E03E20BD695700784D63 /* PBXContainerItemProxy */ = {
			isa = PBXContainerItemProxy;
			containerPortal = 7C33E02120BD695600784D63 /* Project object */;
			proxyType = 1;
			remoteGlobalIDString = 7C33E02820BD695600784D63;
			remoteInfo = CarRecognition;
		};
/* End PBXContainerItemProxy section */

/* Begin PBXFileReference section */
		4E2BA2FE21185B1400184424 /* CarsList.swift */ = {isa = PBXFileReference; fileEncoding = 4; lastKnownFileType = sourcecode.swift; path = CarsList.swift; sourceTree = "<group>"; };
		4E2BA2FF21185B1400184424 /* Recognition.swift */ = {isa = PBXFileReference; fileEncoding = 4; lastKnownFileType = sourcecode.swift; path = Recognition.swift; sourceTree = "<group>"; };
		4E2BA30021185B1400184424 /* Screen.swift */ = {isa = PBXFileReference; fileEncoding = 4; lastKnownFileType = sourcecode.swift; path = Screen.swift; sourceTree = "<group>"; };
		4E2BA30221185B1500184424 /* GherkinSyntax.swift */ = {isa = PBXFileReference; fileEncoding = 4; lastKnownFileType = sourcecode.swift; path = GherkinSyntax.swift; sourceTree = "<group>"; };
		4E2BA30321185B1500184424 /* XCUITestCase.swift */ = {isa = PBXFileReference; fileEncoding = 4; lastKnownFileType = sourcecode.swift; path = XCUITestCase.swift; sourceTree = "<group>"; };
		4E2BA30421185B1500184424 /* TestBuilder.swift */ = {isa = PBXFileReference; fileEncoding = 4; lastKnownFileType = sourcecode.swift; path = TestBuilder.swift; sourceTree = "<group>"; };
		4E2BA30621185B1500184424 /* UIImage+RemovingStatusBar.swift */ = {isa = PBXFileReference; fileEncoding = 4; lastKnownFileType = sourcecode.swift; path = "UIImage+RemovingStatusBar.swift"; sourceTree = "<group>"; };
		4E4CE75B215B9F030053C24B /* ToastDisplayer.swift */ = {isa = PBXFileReference; lastKnownFileType = sourcecode.swift; path = ToastDisplayer.swift; sourceTree = "<group>"; };
		4E5D80D3211824E600ABA404 /* TestUI-Common.xcconfig */ = {isa = PBXFileReference; fileEncoding = 4; lastKnownFileType = text.xcconfig; path = "TestUI-Common.xcconfig"; sourceTree = "<group>"; };
		4ED4EA652112EFE5008E931A /* CarsListTestCase.swift */ = {isa = PBXFileReference; fileEncoding = 4; lastKnownFileType = sourcecode.swift; path = CarsListTestCase.swift; sourceTree = "<group>"; };
		4EEF786021108232002C2AE5 /* CarLensUITests.xctest */ = {isa = PBXFileReference; explicitFileType = wrapper.cfbundle; includeInIndex = 0; path = CarLensUITests.xctest; sourceTree = BUILT_PRODUCTS_DIR; };
		4EEF786421108232002C2AE5 /* Info.plist */ = {isa = PBXFileReference; lastKnownFileType = text.plist.xml; path = Info.plist; sourceTree = "<group>"; };
		7C21A13D20EE7ABF001E5714 /* CarListCollectionViewCell.swift */ = {isa = PBXFileReference; lastKnownFileType = sourcecode.swift; path = CarListCollectionViewCell.swift; sourceTree = "<group>"; };
		7C21A13F20EE807B001E5714 /* UICollectionViewExtension.swift */ = {isa = PBXFileReference; lastKnownFileType = sourcecode.swift; path = UICollectionViewExtension.swift; sourceTree = "<group>"; };
		7C21A14120EE819F001E5714 /* CarListFlowLayout.swift */ = {isa = PBXFileReference; lastKnownFileType = sourcecode.swift; path = CarListFlowLayout.swift; sourceTree = "<group>"; };
		7C21A14320EE8770001E5714 /* CarListLayoutAttributes.swift */ = {isa = PBXFileReference; lastKnownFileType = sourcecode.swift; path = CarListLayoutAttributes.swift; sourceTree = "<group>"; };
		7C33E02920BD695600784D63 /* CarLens.app */ = {isa = PBXFileReference; explicitFileType = wrapper.application; includeInIndex = 0; path = CarLens.app; sourceTree = BUILT_PRODUCTS_DIR; };
		7C33E02C20BD695600784D63 /* ApplicationDelegate.swift */ = {isa = PBXFileReference; lastKnownFileType = sourcecode.swift; path = ApplicationDelegate.swift; sourceTree = "<group>"; };
		7C33E03320BD695700784D63 /* Assets.xcassets */ = {isa = PBXFileReference; lastKnownFileType = folder.assetcatalog; path = Assets.xcassets; sourceTree = "<group>"; };
		7C33E03620BD695700784D63 /* Base */ = {isa = PBXFileReference; lastKnownFileType = file.storyboard; name = Base; path = Base.lproj/LaunchScreen.storyboard; sourceTree = "<group>"; };
		7C33E03820BD695700784D63 /* Info.plist */ = {isa = PBXFileReference; lastKnownFileType = text.plist.xml; path = Info.plist; sourceTree = "<group>"; };
		7C33E03D20BD695700784D63 /* CarLens Tests.xctest */ = {isa = PBXFileReference; explicitFileType = wrapper.cfbundle; includeInIndex = 0; path = "CarLens Tests.xctest"; sourceTree = BUILT_PRODUCTS_DIR; };
		7C33E04320BD695700784D63 /* Info.plist */ = {isa = PBXFileReference; lastKnownFileType = text.plist.xml; path = Info.plist; sourceTree = "<group>"; };
		7C33E05120BD6A5900784D63 /* Podfile */ = {isa = PBXFileReference; fileEncoding = 4; lastKnownFileType = text; path = Podfile; sourceTree = SOURCE_ROOT; };
		7C33E05220BD6A5900784D63 /* Gemfile */ = {isa = PBXFileReference; fileEncoding = 4; lastKnownFileType = text; path = Gemfile; sourceTree = SOURCE_ROOT; };
		7C33E05320BD6A5900784D63 /* bitrise.yml */ = {isa = PBXFileReference; fileEncoding = 4; lastKnownFileType = text; path = bitrise.yml; sourceTree = SOURCE_ROOT; };
		7C33E05420BD6A5A00784D63 /* Cartfile */ = {isa = PBXFileReference; fileEncoding = 4; lastKnownFileType = text; path = Cartfile; sourceTree = SOURCE_ROOT; };
		7C33E05520BD6A5A00784D63 /* PULL_REQUEST_TEMPLATE.md */ = {isa = PBXFileReference; fileEncoding = 4; lastKnownFileType = net.daringfireball.markdown; path = PULL_REQUEST_TEMPLATE.md; sourceTree = SOURCE_ROOT; };
		7C33E05620BD6A5A00784D63 /* README.md */ = {isa = PBXFileReference; fileEncoding = 4; lastKnownFileType = net.daringfireball.markdown; path = README.md; sourceTree = SOURCE_ROOT; };
		7C33E05F20BD6E6100784D63 /* App-Staging.xcconfig */ = {isa = PBXFileReference; lastKnownFileType = text.xcconfig; path = "App-Staging.xcconfig"; sourceTree = "<group>"; };
		7C33E06020BD6E6100784D63 /* Test-Common.xcconfig */ = {isa = PBXFileReference; lastKnownFileType = text.xcconfig; path = "Test-Common.xcconfig"; sourceTree = "<group>"; };
		7C33E06120BD6E6200784D63 /* App-Common.xcconfig */ = {isa = PBXFileReference; lastKnownFileType = text.xcconfig; path = "App-Common.xcconfig"; sourceTree = "<group>"; };
		7C33E06220BD6E6200784D63 /* App-Development.xcconfig */ = {isa = PBXFileReference; lastKnownFileType = text.xcconfig; path = "App-Development.xcconfig"; sourceTree = "<group>"; };
		7C33E06920BD70C500784D63 /* Bridging-Header.h */ = {isa = PBXFileReference; lastKnownFileType = sourcecode.c.h; path = "Bridging-Header.h"; sourceTree = "<group>"; };
		7C33E06B20BD729B00784D63 /* CarLensKeys.h */ = {isa = PBXFileReference; fileEncoding = 4; lastKnownFileType = sourcecode.c.h; name = CarLensKeys.h; path = Pods/CocoaPodsKeys/CarLensKeys.h; sourceTree = SOURCE_ROOT; };
		7C33E06C20BD729B00784D63 /* Keys.podspec.json */ = {isa = PBXFileReference; fileEncoding = 4; lastKnownFileType = text.json; name = Keys.podspec.json; path = Pods/CocoaPodsKeys/Keys.podspec.json; sourceTree = SOURCE_ROOT; };
		7C33E06D20BD729B00784D63 /* CarLensKeys.m */ = {isa = PBXFileReference; fileEncoding = 4; lastKnownFileType = sourcecode.c.objc; name = CarLensKeys.m; path = Pods/CocoaPodsKeys/CarLensKeys.m; sourceTree = SOURCE_ROOT; };
		7C3DC69620F771E0005C8865 /* CarScene.swift */ = {isa = PBXFileReference; lastKnownFileType = sourcecode.swift; path = CarScene.swift; sourceTree = "<group>"; };
		7C3DC69820F77EFF005C8865 /* UIDeviceExtension.swift */ = {isa = PBXFileReference; lastKnownFileType = sourcecode.swift; path = UIDeviceExtension.swift; sourceTree = "<group>"; };
		7C3E01C520F5EA6D003B83D6 /* BLOKKNeue-Regular.ttf */ = {isa = PBXFileReference; lastKnownFileType = file; path = "BLOKKNeue-Regular.ttf"; sourceTree = "<group>"; };
		7C57310D20EB897B00BE5751 /* CarARConfiguration.swift */ = {isa = PBXFileReference; lastKnownFileType = sourcecode.swift; path = CarARConfiguration.swift; sourceTree = "<group>"; };
		7C57310F20EB904100BE5751 /* ARAnchorExtension.swift */ = {isa = PBXFileReference; lastKnownFileType = sourcecode.swift; path = ARAnchorExtension.swift; sourceTree = "<group>"; };
		7C67179220EF85C600183AB4 /* LabeledCarImageView.swift */ = {isa = PBXFileReference; lastKnownFileType = sourcecode.swift; path = LabeledCarImageView.swift; sourceTree = "<group>"; };
		7C67179420F243C800183AB4 /* CarListCardView.swift */ = {isa = PBXFileReference; lastKnownFileType = sourcecode.swift; path = CarListCardView.swift; sourceTree = "<group>"; };
		7C77741220E64EC8007B3851 /* NodeShift.swift */ = {isa = PBXFileReference; lastKnownFileType = sourcecode.swift; path = NodeShift.swift; sourceTree = "<group>"; };
		7C77741520E650EC007B3851 /* SKNodeFactory.swift */ = {isa = PBXFileReference; lastKnownFileType = sourcecode.swift; path = SKNodeFactory.swift; sourceTree = "<group>"; };
		7C77741820E65398007B3851 /* Car.swift */ = {isa = PBXFileReference; lastKnownFileType = sourcecode.swift; path = Car.swift; sourceTree = "<group>"; };
		7C93D48F20E627EB00AF6FFC /* ApplicationFactory.swift */ = {isa = PBXFileReference; lastKnownFileType = sourcecode.swift; path = ApplicationFactory.swift; sourceTree = "<group>"; };
		7C93D49120E62C8200AF6FFC /* FlowController.swift */ = {isa = PBXFileReference; lastKnownFileType = sourcecode.swift; path = FlowController.swift; sourceTree = "<group>"; };
		7C93D49420E62CE600AF6FFC /* RecognitionFlowController.swift */ = {isa = PBXFileReference; lastKnownFileType = sourcecode.swift; path = RecognitionFlowController.swift; sourceTree = "<group>"; };
		7C93D49820E6316900AF6FFC /* AugmentedRealityViewController.swift */ = {isa = PBXFileReference; lastKnownFileType = sourcecode.swift; path = AugmentedRealityViewController.swift; sourceTree = "<group>"; };
		7C93D49A20E6317300AF6FFC /* AugmentedRealityView.swift */ = {isa = PBXFileReference; lastKnownFileType = sourcecode.swift; path = AugmentedRealityView.swift; sourceTree = "<group>"; };
		7C93D49C20E6367000AF6FFC /* UIViewControllerExtension.swift */ = {isa = PBXFileReference; lastKnownFileType = sourcecode.swift; path = UIViewControllerExtension.swift; sourceTree = "<group>"; };
		7CAD86D120F342CB0064D50E /* CarListNavigationBar.swift */ = {isa = PBXFileReference; lastKnownFileType = sourcecode.swift; path = CarListNavigationBar.swift; sourceTree = "<group>"; };
		7CAD86D320F383750064D50E /* SearchService.swift */ = {isa = PBXFileReference; lastKnownFileType = sourcecode.swift; path = SearchService.swift; sourceTree = "<group>"; };
		7CAD86D820F4AB840064D50E /* LocalCarsDataService.swift */ = {isa = PBXFileReference; lastKnownFileType = sourcecode.swift; path = LocalCarsDataService.swift; sourceTree = "<group>"; };
		7CAD86E020F4B13C0064D50E /* cars.json */ = {isa = PBXFileReference; fileEncoding = 4; lastKnownFileType = text.json; path = cars.json; sourceTree = "<group>"; };
		7CAD86E220F4B4840064D50E /* CarsDatabaseService.swift */ = {isa = PBXFileReference; lastKnownFileType = sourcecode.swift; path = CarsDatabaseService.swift; sourceTree = "<group>"; };
		7CAD86E420F4B6720064D50E /* CarsDataService.swift */ = {isa = PBXFileReference; lastKnownFileType = sourcecode.swift; path = CarsDataService.swift; sourceTree = "<group>"; };
		7CB817B020C930E200B51C3D /* ApplicationKeys.swift */ = {isa = PBXFileReference; lastKnownFileType = sourcecode.swift; path = ApplicationKeys.swift; sourceTree = "<group>"; };
		7CB817B220C9313500B51C3D /* ApplicationDependencies.swift */ = {isa = PBXFileReference; lastKnownFileType = sourcecode.swift; path = ApplicationDependencies.swift; sourceTree = "<group>"; };
		7CB817BB20C9320700B51C3D /* CrashLogger.swift */ = {isa = PBXFileReference; lastKnownFileType = sourcecode.swift; path = CrashLogger.swift; sourceTree = "<group>"; };
		7CB817BD20C932E500B51C3D /* AlertPresentable.swift */ = {isa = PBXFileReference; lastKnownFileType = sourcecode.swift; path = AlertPresentable.swift; sourceTree = "<group>"; };
		7CB817BF20C9332000B51C3D /* ViewSetupable.swift */ = {isa = PBXFileReference; lastKnownFileType = sourcecode.swift; path = ViewSetupable.swift; sourceTree = "<group>"; };
		7CB817C120C9333C00B51C3D /* Loader.swift */ = {isa = PBXFileReference; lastKnownFileType = sourcecode.swift; path = Loader.swift; sourceTree = "<group>"; };
		7CB817C420C9336500B51C3D /* Localizable.swift */ = {isa = PBXFileReference; lastKnownFileType = sourcecode.swift; path = Localizable.swift; sourceTree = "<group>"; };
		7CB817C620C9337000B51C3D /* Localizable.strings */ = {isa = PBXFileReference; fileEncoding = 4; lastKnownFileType = text.plist.strings; path = Localizable.strings; sourceTree = "<group>"; };
		7CB817C820C933CB00B51C3D /* HockeyAppService.swift */ = {isa = PBXFileReference; lastKnownFileType = sourcecode.swift; path = HockeyAppService.swift; sourceTree = "<group>"; };
		7CB817CB20C934A900B51C3D /* SeparatorView.swift */ = {isa = PBXFileReference; lastKnownFileType = sourcecode.swift; path = SeparatorView.swift; sourceTree = "<group>"; };
		7CB817CD20C934DE00B51C3D /* DefaultLoader.swift */ = {isa = PBXFileReference; lastKnownFileType = sourcecode.swift; path = DefaultLoader.swift; sourceTree = "<group>"; };
		7CB817CF20C9353100B51C3D /* UIStackViewExtension.swift */ = {isa = PBXFileReference; fileEncoding = 4; lastKnownFileType = sourcecode.swift; path = UIStackViewExtension.swift; sourceTree = "<group>"; };
		7CB817D120C9353200B51C3D /* UIColorExtension.swift */ = {isa = PBXFileReference; fileEncoding = 4; lastKnownFileType = sourcecode.swift; path = UIColorExtension.swift; sourceTree = "<group>"; };
		7CB817D220C9353200B51C3D /* UIViewExtension+Constraint.swift */ = {isa = PBXFileReference; fileEncoding = 4; lastKnownFileType = sourcecode.swift; path = "UIViewExtension+Constraint.swift"; sourceTree = "<group>"; };
		7CB817D820C935B100B51C3D /* TableViewCell.swift */ = {isa = PBXFileReference; fileEncoding = 4; lastKnownFileType = sourcecode.swift; path = TableViewCell.swift; sourceTree = "<group>"; };
		7CB817D920C935B100B51C3D /* TypedViewController.swift */ = {isa = PBXFileReference; fileEncoding = 4; lastKnownFileType = sourcecode.swift; path = TypedViewController.swift; sourceTree = "<group>"; };
		7CB817DA20C935B100B51C3D /* View.swift */ = {isa = PBXFileReference; fileEncoding = 4; lastKnownFileType = sourcecode.swift; path = View.swift; sourceTree = "<group>"; };
		7CB817DB20C935B200B51C3D /* FlowAwareViewController.swift */ = {isa = PBXFileReference; fileEncoding = 4; lastKnownFileType = sourcecode.swift; path = FlowAwareViewController.swift; sourceTree = "<group>"; };
		7CB817DC20C935B200B51C3D /* KeyboardAwareViewController.swift */ = {isa = PBXFileReference; fileEncoding = 4; lastKnownFileType = sourcecode.swift; path = KeyboardAwareViewController.swift; sourceTree = "<group>"; };
		7CB817E320C9362400B51C3D /* NavigationBarSetupable.swift */ = {isa = PBXFileReference; fileEncoding = 4; lastKnownFileType = sourcecode.swift; path = NavigationBarSetupable.swift; sourceTree = "<group>"; };
		7CB817E520C9368300B51C3D /* ApplicationFlowController.swift */ = {isa = PBXFileReference; fileEncoding = 4; lastKnownFileType = sourcecode.swift; path = ApplicationFlowController.swift; sourceTree = "<group>"; };
		7CB817E920C937EA00B51C3D /* RecognitionViewController.swift */ = {isa = PBXFileReference; lastKnownFileType = sourcecode.swift; path = RecognitionViewController.swift; sourceTree = "<group>"; };
		7CB817EB20C937FB00B51C3D /* RecognitionView.swift */ = {isa = PBXFileReference; lastKnownFileType = sourcecode.swift; path = RecognitionView.swift; sourceTree = "<group>"; };
		7CB817ED20C93B6700B51C3D /* CarClassificationService.swift */ = {isa = PBXFileReference; lastKnownFileType = sourcecode.swift; path = CarClassificationService.swift; sourceTree = "<group>"; };
		7CB817F520C95BB200B51C3D /* RecognitionResult.swift */ = {isa = PBXFileReference; lastKnownFileType = sourcecode.swift; path = RecognitionResult.swift; sourceTree = "<group>"; };
		7CB817F820C9686300B51C3D /* CRNumberFormatter.swift */ = {isa = PBXFileReference; lastKnownFileType = sourcecode.swift; path = CRNumberFormatter.swift; sourceTree = "<group>"; };
		7CB817FC20CA865700B51C3D /* CRTimeFormatter.swift */ = {isa = PBXFileReference; lastKnownFileType = sourcecode.swift; path = CRTimeFormatter.swift; sourceTree = "<group>"; };
		7CD6212620EDF9DE0035DDD7 /* LOTAnimationViewExtension.swift */ = {isa = PBXFileReference; lastKnownFileType = sourcecode.swift; path = LOTAnimationViewExtension.swift; sourceTree = "<group>"; };
		7CE4290120D13A7D00539FC6 /* UITableViewExtension.swift */ = {isa = PBXFileReference; fileEncoding = 4; lastKnownFileType = sourcecode.swift; path = UITableViewExtension.swift; sourceTree = "<group>"; };
		7CE4290320D13A9B00539FC6 /* NSObjectExtension.swift */ = {isa = PBXFileReference; fileEncoding = 4; lastKnownFileType = sourcecode.swift; path = NSObjectExtension.swift; sourceTree = "<group>"; };
		7CEDA76F20ECD32D00DF3AF0 /* PartOvalProgressView.swift */ = {isa = PBXFileReference; lastKnownFileType = sourcecode.swift; path = PartOvalProgressView.swift; sourceTree = "<group>"; };
		7CEDA77120ECD34100DF3AF0 /* FullOvalProgressView.swift */ = {isa = PBXFileReference; lastKnownFileType = sourcecode.swift; path = FullOvalProgressView.swift; sourceTree = "<group>"; };
		7CEDA77320ECD35400DF3AF0 /* HorizontalProgressChartView.swift */ = {isa = PBXFileReference; lastKnownFileType = sourcecode.swift; path = HorizontalProgressChartView.swift; sourceTree = "<group>"; };
		7CEDA77520ECD36400DF3AF0 /* HorizontalStarsView.swift */ = {isa = PBXFileReference; lastKnownFileType = sourcecode.swift; path = HorizontalStarsView.swift; sourceTree = "<group>"; };
		7CEDA77820ECD5F100DF3AF0 /* CarsListViewController.swift */ = {isa = PBXFileReference; lastKnownFileType = sourcecode.swift; path = CarsListViewController.swift; sourceTree = "<group>"; };
		7CEDA77A20ECD5FA00DF3AF0 /* CarsListView.swift */ = {isa = PBXFileReference; lastKnownFileType = sourcecode.swift; path = CarsListView.swift; sourceTree = "<group>"; };
		7CEDA77D20ED044F00DF3AF0 /* gliscor-gothic.ttf */ = {isa = PBXFileReference; lastKnownFileType = file; path = "gliscor-gothic.ttf"; sourceTree = "<group>"; };
		7CEDA77F20ED04DE00DF3AF0 /* UIFontExtension.swift */ = {isa = PBXFileReference; lastKnownFileType = sourcecode.swift; path = UIFontExtension.swift; sourceTree = "<group>"; };
		7CEDA78320ED474D00DF3AF0 /* CarSpecificationChartConfiguration.swift */ = {isa = PBXFileReference; lastKnownFileType = sourcecode.swift; path = CarSpecificationChartConfiguration.swift; sourceTree = "<group>"; };
		7CEDA78520ED4EF900DF3AF0 /* NSAttributedStringFactory.swift */ = {isa = PBXFileReference; lastKnownFileType = sourcecode.swift; path = NSAttributedStringFactory.swift; sourceTree = "<group>"; };
		7CF269D220EA432100DCC27D /* DetectionViewfinderView.swift */ = {isa = PBXFileReference; lastKnownFileType = sourcecode.swift; path = DetectionViewfinderView.swift; sourceTree = "<group>"; };
		7CF269D720EA4FBB00DCC27D /* InputNormalizationService.swift */ = {isa = PBXFileReference; lastKnownFileType = sourcecode.swift; path = InputNormalizationService.swift; sourceTree = "<group>"; };
		7CF269D920EA527500DCC27D /* InputNormalizationServiceTests.swift */ = {isa = PBXFileReference; lastKnownFileType = sourcecode.swift; path = InputNormalizationServiceTests.swift; sourceTree = "<group>"; };
		950EC1A32163D3B4008BFC92 /* OnboardingIndicatorAnimationView.swift */ = {isa = PBXFileReference; lastKnownFileType = sourcecode.swift; path = OnboardingIndicatorAnimationView.swift; sourceTree = "<group>"; };
		953793FC211DB76D004C3195 /* NSAttributedStringExtension.swift */ = {isa = PBXFileReference; lastKnownFileType = sourcecode.swift; path = NSAttributedStringExtension.swift; sourceTree = "<group>"; };
		953793FE211DDD2F004C3195 /* UserDefaultsService.swift */ = {isa = PBXFileReference; lastKnownFileType = sourcecode.swift; path = UserDefaultsService.swift; sourceTree = "<group>"; };
		953794032121A611004C3195 /* Onboarding.swift */ = {isa = PBXFileReference; lastKnownFileType = sourcecode.swift; path = Onboarding.swift; sourceTree = "<group>"; };
		958B6F92216F866D00154E24 /* CarRecognizer.mlmodel */ = {isa = PBXFileReference; lastKnownFileType = file.mlmodel; path = CarRecognizer.mlmodel; sourceTree = "<group>"; };
		958B6F93216F866D00154E24 /* CarDetector.mlmodel */ = {isa = PBXFileReference; lastKnownFileType = file.mlmodel; path = CarDetector.mlmodel; sourceTree = "<group>"; };
		95C7732620FCF66D001DBCC1 /* SystemMetrics.swift */ = {isa = PBXFileReference; lastKnownFileType = sourcecode.swift; path = SystemMetrics.swift; sourceTree = "<group>"; };
		95C7732921022879001DBCC1 /* SystemMetricsTests.swift */ = {isa = PBXFileReference; lastKnownFileType = sourcecode.swift; path = SystemMetricsTests.swift; sourceTree = "<group>"; };
		95CA5AAF2105E547000B4B0D /* FormattersTests.swift */ = {isa = PBXFileReference; lastKnownFileType = sourcecode.swift; path = FormattersTests.swift; sourceTree = "<group>"; };
		95CA5AB12105F7D2000B4B0D /* LocalCarsDataServiceTests.swift */ = {isa = PBXFileReference; lastKnownFileType = sourcecode.swift; path = LocalCarsDataServiceTests.swift; sourceTree = "<group>"; };
		95CA5AB321060064000B4B0D /* RecognitionResultTests.swift */ = {isa = PBXFileReference; lastKnownFileType = sourcecode.swift; path = RecognitionResultTests.swift; sourceTree = "<group>"; };
		95CA5AB5210745A1000B4B0D /* CarsDataServiceTests.swift */ = {isa = PBXFileReference; lastKnownFileType = sourcecode.swift; path = CarsDataServiceTests.swift; sourceTree = "<group>"; };
		95CA5AB721074D35000B4B0D /* MockedCars.json */ = {isa = PBXFileReference; fileEncoding = 4; lastKnownFileType = text.json; path = MockedCars.json; sourceTree = "<group>"; };
		95CA5ABA21085108000B4B0D /* URLOpenerService.swift */ = {isa = PBXFileReference; lastKnownFileType = sourcecode.swift; path = URLOpenerService.swift; sourceTree = "<group>"; };
		95CA5ABC210851F0000B4B0D /* UIApplicationExtension.swift */ = {isa = PBXFileReference; lastKnownFileType = sourcecode.swift; path = UIApplicationExtension.swift; sourceTree = "<group>"; };
		95CA5ABE2108536A000B4B0D /* SearchServiceTests.swift */ = {isa = PBXFileReference; lastKnownFileType = sourcecode.swift; path = SearchServiceTests.swift; sourceTree = "<group>"; };
		95CA5AC121085668000B4B0D /* UIApplicationMock.swift */ = {isa = PBXFileReference; lastKnownFileType = sourcecode.swift; path = UIApplicationMock.swift; sourceTree = "<group>"; };
		95F3D21E2145AD3100D4636C /* horizontal-progress-chart.json */ = {isa = PBXFileReference; fileEncoding = 4; lastKnownFileType = text.json; path = "horizontal-progress-chart.json"; sourceTree = "<group>"; };
		95F3D21F2145AD3100D4636C /* button-ripple.json */ = {isa = PBXFileReference; fileEncoding = 4; lastKnownFileType = text.json; path = "button-ripple.json"; sourceTree = "<group>"; };
		95F3D2202145AD3100D4636C /* horizontal-stars.json */ = {isa = PBXFileReference; fileEncoding = 4; lastKnownFileType = text.json; path = "horizontal-stars.json"; sourceTree = "<group>"; };
		95F3D2212145AD3100D4636C /* viewfinder_bracket.json */ = {isa = PBXFileReference; fileEncoding = 4; lastKnownFileType = text.json; path = viewfinder_bracket.json; sourceTree = "<group>"; };
		95F3D22E2146ABB100D4636C /* onboarding.mp4 */ = {isa = PBXFileReference; lastKnownFileType = file; path = onboarding.mp4; sourceTree = "<group>"; };
		95F3D23121496F4B00D4636C /* OnboardingFlowController.swift */ = {isa = PBXFileReference; fileEncoding = 4; lastKnownFileType = sourcecode.swift; path = OnboardingFlowController.swift; sourceTree = "<group>"; };
		95F3D23321496F4B00D4636C /* OnboardingViewController.swift */ = {isa = PBXFileReference; fileEncoding = 4; lastKnownFileType = sourcecode.swift; path = OnboardingViewController.swift; sourceTree = "<group>"; };
		95F3D23521496F4B00D4636C /* OnboardingAnimationPlayer.swift */ = {isa = PBXFileReference; fileEncoding = 4; lastKnownFileType = sourcecode.swift; path = OnboardingAnimationPlayer.swift; sourceTree = "<group>"; };
		95F3D23621496F4B00D4636C /* OnboardingTransitionAnimationState.swift */ = {isa = PBXFileReference; fileEncoding = 4; lastKnownFileType = sourcecode.swift; path = OnboardingTransitionAnimationState.swift; sourceTree = "<group>"; };
		95F3D23721496F4B00D4636C /* OnboardingView.swift */ = {isa = PBXFileReference; fileEncoding = 4; lastKnownFileType = sourcecode.swift; path = OnboardingView.swift; sourceTree = "<group>"; };
		95F3D23A21496F4B00D4636C /* OnboardingContentView.swift */ = {isa = PBXFileReference; fileEncoding = 4; lastKnownFileType = sourcecode.swift; path = OnboardingContentView.swift; sourceTree = "<group>"; };
		95F3D23B21496F4B00D4636C /* OnboardingContentViewController.swift */ = {isa = PBXFileReference; fileEncoding = 4; lastKnownFileType = sourcecode.swift; path = OnboardingContentViewController.swift; sourceTree = "<group>"; };
		95F3D23C21496F4B00D4636C /* OnboardingPageViewController.swift */ = {isa = PBXFileReference; fileEncoding = 4; lastKnownFileType = sourcecode.swift; path = OnboardingPageViewController.swift; sourceTree = "<group>"; };
		95F3D245214974BB00D4636C /* ApplicationConstants.swift */ = {isa = PBXFileReference; lastKnownFileType = sourcecode.swift; path = ApplicationConstants.swift; sourceTree = "<group>"; };
		E8379BB120FE18B9007D759B /* TextSwitcherView.swift */ = {isa = PBXFileReference; lastKnownFileType = sourcecode.swift; path = TextSwitcherView.swift; sourceTree = "<group>"; };
		E8473F0B21074C9A00EC9EF3 /* CarDatabaseServiceTests.swift */ = {isa = PBXFileReference; lastKnownFileType = sourcecode.swift; path = CarDatabaseServiceTests.swift; sourceTree = "<group>"; };
		E8473F1021074E0F00EC9EF3 /* ModelsFactory.swift */ = {isa = PBXFileReference; lastKnownFileType = sourcecode.swift; path = ModelsFactory.swift; sourceTree = "<group>"; };
		E8473F1421074F5600EC9EF3 /* MockedCar.json */ = {isa = PBXFileReference; fileEncoding = 4; lastKnownFileType = text.json; path = MockedCar.json; sourceTree = "<group>"; };
		E8473F17210752A300EC9EF3 /* JSON.swift */ = {isa = PBXFileReference; lastKnownFileType = sourcecode.swift; path = JSON.swift; sourceTree = "<group>"; };
		E8473F19210756F200EC9EF3 /* CarTests.swift */ = {isa = PBXFileReference; lastKnownFileType = sourcecode.swift; path = CarTests.swift; sourceTree = "<group>"; };
		E8473F1B210757ED00EC9EF3 /* CarARConfigurationTests.swift */ = {isa = PBXFileReference; lastKnownFileType = sourcecode.swift; path = CarARConfigurationTests.swift; sourceTree = "<group>"; };
		E8473F1D21075D7800EC9EF3 /* CarSpecificationChartConfigurationTests.swift */ = {isa = PBXFileReference; lastKnownFileType = sourcecode.swift; path = CarSpecificationChartConfigurationTests.swift; sourceTree = "<group>"; };
		E8473F2421075F0B00EC9EF3 /* UIStackViewExtensionTests.swift */ = {isa = PBXFileReference; lastKnownFileType = sourcecode.swift; path = UIStackViewExtensionTests.swift; sourceTree = "<group>"; };
		E8473F26210760B300EC9EF3 /* UIFontExtensionTests.swift */ = {isa = PBXFileReference; lastKnownFileType = sourcecode.swift; path = UIFontExtensionTests.swift; sourceTree = "<group>"; };
		E852940820FCC377005B7A1A /* ViewProgressable.swift */ = {isa = PBXFileReference; lastKnownFileType = sourcecode.swift; path = ViewProgressable.swift; sourceTree = "<group>"; };
		E89D791620ECB22F006D2D8D /* CarCardViewController.swift */ = {isa = PBXFileReference; fileEncoding = 4; lastKnownFileType = sourcecode.swift; path = CarCardViewController.swift; sourceTree = "<group>"; };
		E89D791720ECB22F006D2D8D /* CarCardView.swift */ = {isa = PBXFileReference; fileEncoding = 4; lastKnownFileType = sourcecode.swift; path = CarCardView.swift; sourceTree = "<group>"; };
		E89D791C20ECF9F0006D2D8D /* UIPanGestureRecognizerExtensions.swift */ = {isa = PBXFileReference; lastKnownFileType = sourcecode.swift; path = UIPanGestureRecognizerExtensions.swift; sourceTree = "<group>"; };
		E8ABD40C210897C3004F9513 /* App-Release.xcconfig */ = {isa = PBXFileReference; lastKnownFileType = text.xcconfig; path = "App-Release.xcconfig"; sourceTree = "<group>"; };
		E8B63C7120F37588003C7F89 /* OvalProgressLayerView.swift */ = {isa = PBXFileReference; lastKnownFileType = sourcecode.swift; path = OvalProgressLayerView.swift; sourceTree = "<group>"; };
		E8E4B19F20EE2A65009A93B7 /* ModelNameView.swift */ = {isa = PBXFileReference; lastKnownFileType = sourcecode.swift; path = ModelNameView.swift; sourceTree = "<group>"; };
		E8EC9DF020F630E700368E50 /* CameraAccessViewController.swift */ = {isa = PBXFileReference; lastKnownFileType = sourcecode.swift; path = CameraAccessViewController.swift; sourceTree = "<group>"; };
		E8EC9DF220F630F000368E50 /* CameraAccessView.swift */ = {isa = PBXFileReference; lastKnownFileType = sourcecode.swift; path = CameraAccessView.swift; sourceTree = "<group>"; };
		E8ED0A2920EF8A8A002CF8B7 /* CarImage.swift */ = {isa = PBXFileReference; lastKnownFileType = sourcecode.swift; path = CarImage.swift; sourceTree = "<group>"; };
/* End PBXFileReference section */

/* Begin PBXFrameworksBuildPhase section */
		4EEF785D21108232002C2AE5 /* Frameworks */ = {
			isa = PBXFrameworksBuildPhase;
			buildActionMask = 2147483647;
			files = (
			);
			runOnlyForDeploymentPostprocessing = 0;
		};
		7C33E02620BD695600784D63 /* Frameworks */ = {
			isa = PBXFrameworksBuildPhase;
			buildActionMask = 2147483647;
			files = (
			);
			runOnlyForDeploymentPostprocessing = 0;
		};
		7C33E03A20BD695700784D63 /* Frameworks */ = {
			isa = PBXFrameworksBuildPhase;
			buildActionMask = 2147483647;
			files = (
			);
			runOnlyForDeploymentPostprocessing = 0;
		};
/* End PBXFrameworksBuildPhase section */

/* Begin PBXGroup section */
		4E2BA2FD21185B1400184424 /* Screen */ = {
			isa = PBXGroup;
			children = (
				953794032121A611004C3195 /* Onboarding.swift */,
				4E2BA2FE21185B1400184424 /* CarsList.swift */,
				4E2BA2FF21185B1400184424 /* Recognition.swift */,
				4E2BA30021185B1400184424 /* Screen.swift */,
			);
			path = Screen;
			sourceTree = "<group>";
		};
		4E2BA30121185B1500184424 /* Supporting Files */ = {
			isa = PBXGroup;
			children = (
				4E2BA30221185B1500184424 /* GherkinSyntax.swift */,
				4E2BA30321185B1500184424 /* XCUITestCase.swift */,
				4E2BA30421185B1500184424 /* TestBuilder.swift */,
				4E2BA30621185B1500184424 /* UIImage+RemovingStatusBar.swift */,
			);
			path = "Supporting Files";
			sourceTree = "<group>";
		};
		4EEF786121108232002C2AE5 /* CarLensUITests */ = {
			isa = PBXGroup;
			children = (
				4EEF78762111A524002C2AE5 /* Features */,
				4E2BA2FD21185B1400184424 /* Screen */,
				4E2BA30121185B1500184424 /* Supporting Files */,
				4EEF786421108232002C2AE5 /* Info.plist */,
			);
			path = CarLensUITests;
			sourceTree = "<group>";
		};
		4EEF78762111A524002C2AE5 /* Features */ = {
			isa = PBXGroup;
			children = (
				4ED4EA652112EFE5008E931A /* CarsListTestCase.swift */,
			);
			path = Features;
			sourceTree = "<group>";
		};
		7C33E02020BD695600784D63 = {
			isa = PBXGroup;
			children = (
				7C33E02B20BD695600784D63 /* CarLens */,
				7C33E04020BD695700784D63 /* CarLensTests */,
				7C33E05020BD6A4700784D63 /* Configurations */,
				7C33E04F20BD6A3B00784D63 /* Other Files */,
				4EEF786121108232002C2AE5 /* CarLensUITests */,
				7C33E02A20BD695600784D63 /* Products */,
			);
			sourceTree = "<group>";
		};
		7C33E02A20BD695600784D63 /* Products */ = {
			isa = PBXGroup;
			children = (
				7C33E02920BD695600784D63 /* CarLens.app */,
				7C33E03D20BD695700784D63 /* CarLens Tests.xctest */,
				4EEF786021108232002C2AE5 /* CarLensUITests.xctest */,
			);
			name = Products;
			sourceTree = "<group>";
		};
		7C33E02B20BD695600784D63 /* CarLens */ = {
			isa = PBXGroup;
			children = (
				7C33E04E20BD69A700784D63 /* Source Files */,
				7C33E04D20BD69A200784D63 /* Resources */,
				7C33E04C20BD699B00784D63 /* Supporting Files */,
			);
			path = CarLens;
			sourceTree = "<group>";
		};
		7C33E04020BD695700784D63 /* CarLensTests */ = {
			isa = PBXGroup;
			children = (
				95CA5ACF211311CF000B4B0D /* Tests */,
				E8473F162107529700EC9EF3 /* Helpers */,
				E8473F0F21074E0100EC9EF3 /* Mocks */,
				7CFBB8CD20BD94D200058B97 /* Supporting Files */,
			);
			path = CarLensTests;
			sourceTree = "<group>";
		};
		7C33E04C20BD699B00784D63 /* Supporting Files */ = {
			isa = PBXGroup;
			children = (
				7C33E06920BD70C500784D63 /* Bridging-Header.h */,
				7C33E03820BD695700784D63 /* Info.plist */,
			);
			path = "Supporting Files";
			sourceTree = "<group>";
		};
		7C33E04D20BD69A200784D63 /* Resources */ = {
			isa = PBXGroup;
			children = (
				95F3D21C2145AD3100D4636C /* Animations */,
				7CAD86D520F4A21B0064D50E /* Local data */,
				7CB817C320C9335300B51C3D /* Localizations */,
				7CEDA77C20ED03B400DF3AF0 /* Fonts */,
				7CB817A920C9275900B51C3D /* ML Models */,
				7C33E03320BD695700784D63 /* Assets.xcassets */,
				7C33E03520BD695700784D63 /* LaunchScreen.storyboard */,
			);
			path = Resources;
			sourceTree = "<group>";
		};
		7C33E04E20BD69A700784D63 /* Source Files */ = {
			isa = PBXGroup;
			children = (
				7CB817AE20C9306000B51C3D /* Application */,
				7CB817AF20C9306800B51C3D /* Modules */,
				7CB817B420C9317B00B51C3D /* Common */,
			);
			path = "Source Files";
			sourceTree = "<group>";
		};
		7C33E04F20BD6A3B00784D63 /* Other Files */ = {
			isa = PBXGroup;
			children = (
				7C33E06A20BD711F00784D63 /* CocoaPods Keys */,
				7C33E05320BD6A5900784D63 /* bitrise.yml */,
				7C33E05420BD6A5A00784D63 /* Cartfile */,
				7C33E05220BD6A5900784D63 /* Gemfile */,
				7C33E05120BD6A5900784D63 /* Podfile */,
				7C33E05520BD6A5A00784D63 /* PULL_REQUEST_TEMPLATE.md */,
				7C33E05620BD6A5A00784D63 /* README.md */,
			);
			path = "Other Files";
			sourceTree = "<group>";
		};
		7C33E05020BD6A4700784D63 /* Configurations */ = {
			isa = PBXGroup;
			children = (
				7C33E06120BD6E6200784D63 /* App-Common.xcconfig */,
				7C33E06220BD6E6200784D63 /* App-Development.xcconfig */,
				7C33E05F20BD6E6100784D63 /* App-Staging.xcconfig */,
				E8ABD40C210897C3004F9513 /* App-Release.xcconfig */,
				7C33E06020BD6E6100784D63 /* Test-Common.xcconfig */,
				4E5D80D3211824E600ABA404 /* TestUI-Common.xcconfig */,
			);
			path = Configurations;
			sourceTree = "<group>";
		};
		7C33E06A20BD711F00784D63 /* CocoaPods Keys */ = {
			isa = PBXGroup;
			children = (
				7C33E06B20BD729B00784D63 /* CarLensKeys.h */,
				7C33E06D20BD729B00784D63 /* CarLensKeys.m */,
				7C33E06C20BD729B00784D63 /* Keys.podspec.json */,
			);
			path = "CocoaPods Keys";
			sourceTree = "<group>";
		};
		7C77741720E65196007B3851 /* Factories */ = {
			isa = PBXGroup;
			children = (
				7C77741520E650EC007B3851 /* SKNodeFactory.swift */,
				7CEDA78520ED4EF900DF3AF0 /* NSAttributedStringFactory.swift */,
			);
			path = Factories;
			sourceTree = "<group>";
		};
		7C93D49320E62C9D00AF6FFC /* Recognition */ = {
			isa = PBXGroup;
			children = (
				7C93D49420E62CE600AF6FFC /* RecognitionFlowController.swift */,
				7CB817E820C937C700B51C3D /* Root */,
				7CEDA77720ECD5A700DF3AF0 /* Cars list */,
			);
			path = Recognition;
			sourceTree = "<group>";
		};
		7C93D49720E6311800AF6FFC /* AugmentedRealityViewController */ = {
			isa = PBXGroup;
			children = (
				7C93D49820E6316900AF6FFC /* AugmentedRealityViewController.swift */,
				7C93D49A20E6317300AF6FFC /* AugmentedRealityView.swift */,
			);
			path = AugmentedRealityViewController;
			sourceTree = "<group>";
		};
		7CAD86D520F4A21B0064D50E /* Local data */ = {
			isa = PBXGroup;
			children = (
				7CAD86E020F4B13C0064D50E /* cars.json */,
			);
			path = "Local data";
			sourceTree = "<group>";
		};
		7CB817A920C9275900B51C3D /* ML Models */ = {
			isa = PBXGroup;
			children = (
				958B6F93216F866D00154E24 /* CarDetector.mlmodel */,
				958B6F92216F866D00154E24 /* CarRecognizer.mlmodel */,
			);
			path = "ML Models";
			sourceTree = "<group>";
		};
		7CB817AE20C9306000B51C3D /* Application */ = {
			isa = PBXGroup;
			children = (
				7C33E02C20BD695600784D63 /* ApplicationDelegate.swift */,
				7CB817B220C9313500B51C3D /* ApplicationDependencies.swift */,
				7CB817E520C9368300B51C3D /* ApplicationFlowController.swift */,
				7C93D48F20E627EB00AF6FFC /* ApplicationFactory.swift */,
				7CB817B020C930E200B51C3D /* ApplicationKeys.swift */,
				95F3D245214974BB00D4636C /* ApplicationConstants.swift */,
			);
			path = Application;
			sourceTree = "<group>";
		};
		7CB817AF20C9306800B51C3D /* Modules */ = {
			isa = PBXGroup;
			children = (
				95F3D23021496F4B00D4636C /* Onboarding */,
				7C93D49320E62C9D00AF6FFC /* Recognition */,
			);
			path = Modules;
			sourceTree = "<group>";
		};
		7CB817B420C9317B00B51C3D /* Common */ = {
			isa = PBXGroup;
			children = (
				95C7732520FCF63F001DBCC1 /* System Metrics */,
				7C77741720E65196007B3851 /* Factories */,
				7CB817F720C9685100B51C3D /* Formatter */,
				7CB817BA20C931D500B51C3D /* Services */,
				7CB817B920C931D000B51C3D /* Views */,
				7CB817B820C931C400B51C3D /* Models */,
				7CB817B720C931B800B51C3D /* Extensions */,
				7CB817B520C9318B00B51C3D /* Abstraction */,
				7CB817B620C931AA00B51C3D /* Base classes */,
			);
			path = Common;
			sourceTree = "<group>";
		};
		7CB817B520C9318B00B51C3D /* Abstraction */ = {
			isa = PBXGroup;
			children = (
				7CB817BB20C9320700B51C3D /* CrashLogger.swift */,
				7CB817BD20C932E500B51C3D /* AlertPresentable.swift */,
				7CB817BF20C9332000B51C3D /* ViewSetupable.swift */,
				7CB817E320C9362400B51C3D /* NavigationBarSetupable.swift */,
				7CB817C120C9333C00B51C3D /* Loader.swift */,
				7C93D49120E62C8200AF6FFC /* FlowController.swift */,
				E852940820FCC377005B7A1A /* ViewProgressable.swift */,
			);
			path = Abstraction;
			sourceTree = "<group>";
		};
		7CB817B620C931AA00B51C3D /* Base classes */ = {
			isa = PBXGroup;
			children = (
				7CB817D920C935B100B51C3D /* TypedViewController.swift */,
				7CB817DB20C935B200B51C3D /* FlowAwareViewController.swift */,
				7CB817DC20C935B200B51C3D /* KeyboardAwareViewController.swift */,
				7CB817DA20C935B100B51C3D /* View.swift */,
				7CB817D820C935B100B51C3D /* TableViewCell.swift */,
			);
			path = "Base classes";
			sourceTree = "<group>";
		};
		7CB817B720C931B800B51C3D /* Extensions */ = {
			isa = PBXGroup;
			children = (
				7CE4290320D13A9B00539FC6 /* NSObjectExtension.swift */,
				7CB817D120C9353200B51C3D /* UIColorExtension.swift */,
				7CB817D220C9353200B51C3D /* UIViewExtension+Constraint.swift */,
				7C93D49C20E6367000AF6FFC /* UIViewControllerExtension.swift */,
				7CB817CF20C9353100B51C3D /* UIStackViewExtension.swift */,
				7CE4290120D13A7D00539FC6 /* UITableViewExtension.swift */,
				7C21A13F20EE807B001E5714 /* UICollectionViewExtension.swift */,
				7C57310F20EB904100BE5751 /* ARAnchorExtension.swift */,
				E89D791C20ECF9F0006D2D8D /* UIPanGestureRecognizerExtensions.swift */,
				7CEDA77F20ED04DE00DF3AF0 /* UIFontExtension.swift */,
				7CD6212620EDF9DE0035DDD7 /* LOTAnimationViewExtension.swift */,
				7C3DC69820F77EFF005C8865 /* UIDeviceExtension.swift */,
				95CA5ABC210851F0000B4B0D /* UIApplicationExtension.swift */,
				953793FC211DB76D004C3195 /* NSAttributedStringExtension.swift */,
			);
			path = Extensions;
			sourceTree = "<group>";
		};
		7CB817B820C931C400B51C3D /* Models */ = {
			isa = PBXGroup;
			children = (
				7C77741820E65398007B3851 /* Car.swift */,
				7CB817F520C95BB200B51C3D /* RecognitionResult.swift */,
				7C77741220E64EC8007B3851 /* NodeShift.swift */,
				7C57310D20EB897B00BE5751 /* CarARConfiguration.swift */,
				7CEDA78320ED474D00DF3AF0 /* CarSpecificationChartConfiguration.swift */,
				E8ED0A2920EF8A8A002CF8B7 /* CarImage.swift */,
			);
			path = Models;
			sourceTree = "<group>";
		};
		7CB817B920C931D000B51C3D /* Views */ = {
			isa = PBXGroup;
			children = (
				7CB817CB20C934A900B51C3D /* SeparatorView.swift */,
				7CB817CD20C934DE00B51C3D /* DefaultLoader.swift */,
				7CF269D220EA432100DCC27D /* DetectionViewfinderView.swift */,
				7CEDA77120ECD34100DF3AF0 /* FullOvalProgressView.swift */,
				7CEDA76F20ECD32D00DF3AF0 /* PartOvalProgressView.swift */,
				7CEDA77320ECD35400DF3AF0 /* HorizontalProgressChartView.swift */,
				7CEDA77520ECD36400DF3AF0 /* HorizontalStarsView.swift */,
				7C67179220EF85C600183AB4 /* LabeledCarImageView.swift */,
				7C67179420F243C800183AB4 /* CarListCardView.swift */,
				7CAD86D120F342CB0064D50E /* CarListNavigationBar.swift */,
				E8E4B19F20EE2A65009A93B7 /* ModelNameView.swift */,
				E8B63C7120F37588003C7F89 /* OvalProgressLayerView.swift */,
				7C3DC69620F771E0005C8865 /* CarScene.swift */,
				E8379BB120FE18B9007D759B /* TextSwitcherView.swift */,
			);
			path = Views;
			sourceTree = "<group>";
		};
		7CB817BA20C931D500B51C3D /* Services */ = {
			isa = PBXGroup;
			children = (
				7CB817C820C933CB00B51C3D /* HockeyAppService.swift */,
				7CB817ED20C93B6700B51C3D /* CarClassificationService.swift */,
				953793FE211DDD2F004C3195 /* UserDefaultsService.swift */,
				7CF269D720EA4FBB00DCC27D /* InputNormalizationService.swift */,
				7CAD86D320F383750064D50E /* SearchService.swift */,
				7CAD86D820F4AB840064D50E /* LocalCarsDataService.swift */,
				7CAD86E220F4B4840064D50E /* CarsDatabaseService.swift */,
				95CA5ABA21085108000B4B0D /* URLOpenerService.swift */,
				7CAD86E420F4B6720064D50E /* CarsDataService.swift */,
				4E4CE75B215B9F030053C24B /* ToastDisplayer.swift */,
			);
			path = Services;
			sourceTree = "<group>";
		};
		7CB817C320C9335300B51C3D /* Localizations */ = {
			isa = PBXGroup;
			children = (
				7CB817C620C9337000B51C3D /* Localizable.strings */,
				7CB817C420C9336500B51C3D /* Localizable.swift */,
			);
			path = Localizations;
			sourceTree = "<group>";
		};
		7CB817E820C937C700B51C3D /* Root */ = {
			isa = PBXGroup;
			children = (
				7CB817E920C937EA00B51C3D /* RecognitionViewController.swift */,
				7CB817EB20C937FB00B51C3D /* RecognitionView.swift */,
				7C93D49720E6311800AF6FFC /* AugmentedRealityViewController */,
				E89D791520ECB1F6006D2D8D /* CarCardViewController */,
				E8EC9DEF20F630D600368E50 /* CameraAccessViewController */,
			);
			path = Root;
			sourceTree = "<group>";
		};
		7CB817F720C9685100B51C3D /* Formatter */ = {
			isa = PBXGroup;
			children = (
				7CB817F820C9686300B51C3D /* CRNumberFormatter.swift */,
				7CB817FC20CA865700B51C3D /* CRTimeFormatter.swift */,
			);
			path = Formatter;
			sourceTree = "<group>";
		};
		7CEDA77720ECD5A700DF3AF0 /* Cars list */ = {
			isa = PBXGroup;
			children = (
				7CEDA77820ECD5F100DF3AF0 /* CarsListViewController.swift */,
				7CEDA77A20ECD5FA00DF3AF0 /* CarsListView.swift */,
				7C21A14120EE819F001E5714 /* CarListFlowLayout.swift */,
				7C21A14320EE8770001E5714 /* CarListLayoutAttributes.swift */,
				7C21A13D20EE7ABF001E5714 /* CarListCollectionViewCell.swift */,
			);
			path = "Cars list";
			sourceTree = "<group>";
		};
		7CEDA77C20ED03B400DF3AF0 /* Fonts */ = {
			isa = PBXGroup;
			children = (
				7CEDA77D20ED044F00DF3AF0 /* gliscor-gothic.ttf */,
				7C3E01C520F5EA6D003B83D6 /* BLOKKNeue-Regular.ttf */,
			);
			path = Fonts;
			sourceTree = "<group>";
		};
		7CFBB8CD20BD94D200058B97 /* Supporting Files */ = {
			isa = PBXGroup;
			children = (
				95CA5AB721074D35000B4B0D /* MockedCars.json */,
				7C33E04320BD695700784D63 /* Info.plist */,
				E8473F1421074F5600EC9EF3 /* MockedCar.json */,
			);
			path = "Supporting Files";
			sourceTree = "<group>";
		};
		950EC1A22163D37B008BFC92 /* Indicator Animation */ = {
			isa = PBXGroup;
			children = (
				950EC1A32163D3B4008BFC92 /* OnboardingIndicatorAnimationView.swift */,
			);
			path = "Indicator Animation";
			sourceTree = "<group>";
		};
		95C7732520FCF63F001DBCC1 /* System Metrics */ = {
			isa = PBXGroup;
			children = (
				95C7732620FCF66D001DBCC1 /* SystemMetrics.swift */,
			);
			path = "System Metrics";
			sourceTree = "<group>";
		};
		95CA5ACD21131056000B4B0D /* Models */ = {
			isa = PBXGroup;
			children = (
				E8473F1B210757ED00EC9EF3 /* CarARConfigurationTests.swift */,
				95CA5AB321060064000B4B0D /* RecognitionResultTests.swift */,
				E8473F1D21075D7800EC9EF3 /* CarSpecificationChartConfigurationTests.swift */,
				E8473F19210756F200EC9EF3 /* CarTests.swift */,
			);
			path = Models;
			sourceTree = "<group>";
		};
		95CA5ACE2113108B000B4B0D /* Services */ = {
			isa = PBXGroup;
			children = (
				95CA5AB12105F7D2000B4B0D /* LocalCarsDataServiceTests.swift */,
				7CF269D920EA527500DCC27D /* InputNormalizationServiceTests.swift */,
				95CA5ABE2108536A000B4B0D /* SearchServiceTests.swift */,
				E8473F0B21074C9A00EC9EF3 /* CarDatabaseServiceTests.swift */,
				95CA5AB5210745A1000B4B0D /* CarsDataServiceTests.swift */,
			);
			path = Services;
			sourceTree = "<group>";
		};
		95CA5ACF211311CF000B4B0D /* Tests */ = {
			isa = PBXGroup;
			children = (
				95CA5AD021131217000B4B0D /* Common */,
				95CA5ACE2113108B000B4B0D /* Services */,
				95CA5ACD21131056000B4B0D /* Models */,
				E8473F28210760B900EC9EF3 /* Extensions */,
			);
			path = Tests;
			sourceTree = "<group>";
		};
		95CA5AD021131217000B4B0D /* Common */ = {
			isa = PBXGroup;
			children = (
				95CA5AAF2105E547000B4B0D /* FormattersTests.swift */,
				95C7732921022879001DBCC1 /* SystemMetricsTests.swift */,
			);
			path = Common;
			sourceTree = "<group>";
		};
		95F3D21C2145AD3100D4636C /* Animations */ = {
			isa = PBXGroup;
			children = (
				95F3D21D2145AD3100D4636C /* Lottie animations */,
				95F3D2222145AD3100D4636C /* Onboarding */,
			);
			path = Animations;
			sourceTree = "<group>";
		};
		95F3D21D2145AD3100D4636C /* Lottie animations */ = {
			isa = PBXGroup;
			children = (
				95F3D21E2145AD3100D4636C /* horizontal-progress-chart.json */,
				95F3D21F2145AD3100D4636C /* button-ripple.json */,
				95F3D2202145AD3100D4636C /* horizontal-stars.json */,
				95F3D2212145AD3100D4636C /* viewfinder_bracket.json */,
			);
			path = "Lottie animations";
			sourceTree = "<group>";
		};
		95F3D2222145AD3100D4636C /* Onboarding */ = {
			isa = PBXGroup;
			children = (
				95F3D22E2146ABB100D4636C /* onboarding.mp4 */,
			);
			path = Onboarding;
			sourceTree = "<group>";
		};
		95F3D23021496F4B00D4636C /* Onboarding */ = {
			isa = PBXGroup;
			children = (
				95F3D23121496F4B00D4636C /* OnboardingFlowController.swift */,
				95F3D23221496F4B00D4636C /* Root */,
			);
			path = Onboarding;
			sourceTree = "<group>";
		};
		95F3D23221496F4B00D4636C /* Root */ = {
			isa = PBXGroup;
			children = (
				95F3D23321496F4B00D4636C /* OnboardingViewController.swift */,
				95F3D23721496F4B00D4636C /* OnboardingView.swift */,
				95F3D23421496F4B00D4636C /* Animation Player */,
				950EC1A22163D37B008BFC92 /* Indicator Animation */,
				95F3D23821496F4B00D4636C /* Page View Controller */,
			);
			path = Root;
			sourceTree = "<group>";
		};
		95F3D23421496F4B00D4636C /* Animation Player */ = {
			isa = PBXGroup;
			children = (
				95F3D23521496F4B00D4636C /* OnboardingAnimationPlayer.swift */,
				95F3D23621496F4B00D4636C /* OnboardingTransitionAnimationState.swift */,
			);
			path = "Animation Player";
			sourceTree = "<group>";
		};
		95F3D23821496F4B00D4636C /* Page View Controller */ = {
			isa = PBXGroup;
			children = (
				95F3D23921496F4B00D4636C /* Content */,
				95F3D23C21496F4B00D4636C /* OnboardingPageViewController.swift */,
			);
			path = "Page View Controller";
			sourceTree = "<group>";
		};
		95F3D23921496F4B00D4636C /* Content */ = {
			isa = PBXGroup;
			children = (
				95F3D23A21496F4B00D4636C /* OnboardingContentView.swift */,
				95F3D23B21496F4B00D4636C /* OnboardingContentViewController.swift */,
			);
			path = Content;
			sourceTree = "<group>";
		};
		E8473F0F21074E0100EC9EF3 /* Mocks */ = {
			isa = PBXGroup;
			children = (
				95CA5AC121085668000B4B0D /* UIApplicationMock.swift */,
				E8473F1021074E0F00EC9EF3 /* ModelsFactory.swift */,
			);
			path = Mocks;
			sourceTree = "<group>";
		};
		E8473F162107529700EC9EF3 /* Helpers */ = {
			isa = PBXGroup;
			children = (
				E8473F17210752A300EC9EF3 /* JSON.swift */,
			);
			path = Helpers;
			sourceTree = "<group>";
		};
		E8473F28210760B900EC9EF3 /* Extensions */ = {
			isa = PBXGroup;
			children = (
				E8473F2421075F0B00EC9EF3 /* UIStackViewExtensionTests.swift */,
				E8473F26210760B300EC9EF3 /* UIFontExtensionTests.swift */,
			);
			path = Extensions;
			sourceTree = "<group>";
		};
		E89D791520ECB1F6006D2D8D /* CarCardViewController */ = {
			isa = PBXGroup;
			children = (
				E89D791620ECB22F006D2D8D /* CarCardViewController.swift */,
				E89D791720ECB22F006D2D8D /* CarCardView.swift */,
			);
			path = CarCardViewController;
			sourceTree = "<group>";
		};
		E8EC9DEF20F630D600368E50 /* CameraAccessViewController */ = {
			isa = PBXGroup;
			children = (
				E8EC9DF020F630E700368E50 /* CameraAccessViewController.swift */,
				E8EC9DF220F630F000368E50 /* CameraAccessView.swift */,
			);
			path = CameraAccessViewController;
			sourceTree = "<group>";
		};
/* End PBXGroup section */

/* Begin PBXNativeTarget section */
		4EEF785F21108232002C2AE5 /* CarLensUITests */ = {
			isa = PBXNativeTarget;
			buildConfigurationList = 4EEF786A21108232002C2AE5 /* Build configuration list for PBXNativeTarget "CarLensUITests" */;
			buildPhases = (
				4EEF785C21108232002C2AE5 /* Sources */,
				4EEF785D21108232002C2AE5 /* Frameworks */,
				4EEF785E21108232002C2AE5 /* Resources */,
				4E9004CB2119793000104235 /* ShellScript */,
			);
			buildRules = (
			);
			dependencies = (
				4EEF786621108232002C2AE5 /* PBXTargetDependency */,
			);
			name = CarLensUITests;
			productName = CarRecognitionUITests;
			productReference = 4EEF786021108232002C2AE5 /* CarLensUITests.xctest */;
			productType = "com.apple.product-type.bundle.ui-testing";
		};
		7C33E02820BD695600784D63 /* CarLens */ = {
			isa = PBXNativeTarget;
			buildConfigurationList = 7C33E04620BD695700784D63 /* Build configuration list for PBXNativeTarget "CarLens" */;
			buildPhases = (
				7C33E02520BD695600784D63 /* Sources */,
				7C33E02620BD695600784D63 /* Frameworks */,
				7C33E02720BD695600784D63 /* Resources */,
				7CB817E720C9375800B51C3D /* Carthage script */,
			);
			buildRules = (
			);
			dependencies = (
			);
			name = CarLens;
			productName = CarRecognition;
			productReference = 7C33E02920BD695600784D63 /* CarLens.app */;
			productType = "com.apple.product-type.application";
		};
		7C33E03C20BD695700784D63 /* CarLensTests */ = {
			isa = PBXNativeTarget;
			buildConfigurationList = 7C33E04920BD695700784D63 /* Build configuration list for PBXNativeTarget "CarLensTests" */;
			buildPhases = (
				7C33E03920BD695700784D63 /* Sources */,
				7C33E03A20BD695700784D63 /* Frameworks */,
				7C33E03B20BD695700784D63 /* Resources */,
			);
			buildRules = (
			);
			dependencies = (
				7C33E03F20BD695700784D63 /* PBXTargetDependency */,
			);
			name = CarLensTests;
			productName = CarRecognitionTests;
			productReference = 7C33E03D20BD695700784D63 /* CarLens Tests.xctest */;
			productType = "com.apple.product-type.bundle.unit-test";
		};
/* End PBXNativeTarget section */

/* Begin PBXProject section */
		7C33E02120BD695600784D63 /* Project object */ = {
			isa = PBXProject;
			attributes = {
				LastSwiftUpdateCheck = 0940;
				LastUpgradeCheck = 0930;
				ORGANIZATIONNAME = Netguru;
				TargetAttributes = {
					4EEF785F21108232002C2AE5 = {
						CreatedOnToolsVersion = 9.4.1;
						LastSwiftMigration = 1010;
						TestTargetID = 7C33E02820BD695600784D63;
					};
					7C33E02820BD695600784D63 = {
						CreatedOnToolsVersion = 9.3.1;
						LastSwiftMigration = 1010;
					};
					7C33E03C20BD695700784D63 = {
						CreatedOnToolsVersion = 9.3.1;
						LastSwiftMigration = 1010;
						TestTargetID = 7C33E02820BD695600784D63;
					};
				};
			};
			buildConfigurationList = 7C33E02420BD695600784D63 /* Build configuration list for PBXProject "CarLens" */;
			compatibilityVersion = "Xcode 9.3";
			developmentRegion = en;
			hasScannedForEncodings = 0;
			knownRegions = (
				en,
				Base,
			);
			mainGroup = 7C33E02020BD695600784D63;
			productRefGroup = 7C33E02A20BD695600784D63 /* Products */;
			projectDirPath = "";
			projectRoot = "";
			targets = (
				7C33E02820BD695600784D63 /* CarLens */,
				7C33E03C20BD695700784D63 /* CarLensTests */,
				4EEF785F21108232002C2AE5 /* CarLensUITests */,
			);
		};
/* End PBXProject section */

/* Begin PBXResourcesBuildPhase section */
		4EEF785E21108232002C2AE5 /* Resources */ = {
			isa = PBXResourcesBuildPhase;
			buildActionMask = 2147483647;
			files = (
			);
			runOnlyForDeploymentPostprocessing = 0;
		};
		7C33E02720BD695600784D63 /* Resources */ = {
			isa = PBXResourcesBuildPhase;
			buildActionMask = 2147483647;
			files = (
				95F3D2242145AD3100D4636C /* horizontal-progress-chart.json in Resources */,
				4E5D80D4211824E600ABA404 /* TestUI-Common.xcconfig in Resources */,
				7C33E03720BD695700784D63 /* LaunchScreen.storyboard in Resources */,
				7C3E01C620F5EACB003B83D6 /* BLOKKNeue-Regular.ttf in Resources */,
				7CEDA77E20ED044F00DF3AF0 /* gliscor-gothic.ttf in Resources */,
				95F3D2272145AD3100D4636C /* viewfinder_bracket.json in Resources */,
				95F3D2252145AD3100D4636C /* button-ripple.json in Resources */,
				7CB817C720C9337000B51C3D /* Localizable.strings in Resources */,
				7C33E06E20BD729B00784D63 /* Keys.podspec.json in Resources */,
				7CAD86E120F4B13D0064D50E /* cars.json in Resources */,
				7C33E03420BD695700784D63 /* Assets.xcassets in Resources */,
				95F3D22F2146ABB100D4636C /* onboarding.mp4 in Resources */,
				95F3D2262145AD3100D4636C /* horizontal-stars.json in Resources */,
			);
			runOnlyForDeploymentPostprocessing = 0;
		};
		7C33E03B20BD695700784D63 /* Resources */ = {
			isa = PBXResourcesBuildPhase;
			buildActionMask = 2147483647;
			files = (
				95CA5AB821074D35000B4B0D /* MockedCars.json in Resources */,
				E8473F1521074F5600EC9EF3 /* MockedCar.json in Resources */,
			);
			runOnlyForDeploymentPostprocessing = 0;
		};
/* End PBXResourcesBuildPhase section */

/* Begin PBXShellScriptBuildPhase section */
		4E9004CB2119793000104235 /* ShellScript */ = {
			isa = PBXShellScriptBuildPhase;
			buildActionMask = 2147483647;
			files = (
			);
			inputPaths = (
				"$(_CARTHAGE_BUILD_PATH)/FBSnapshotTestCase.framework",
			);
			outputPaths = (
			);
			runOnlyForDeploymentPostprocessing = 0;
			shellPath = /bin/sh;
			shellScript = "carthage copy-frameworks";
		};
		7CB817E720C9375800B51C3D /* Carthage script */ = {
			isa = PBXShellScriptBuildPhase;
			buildActionMask = 2147483647;
			files = (
			);
			inputPaths = (
				"$(_CARTHAGE_BUILD_PATH)/HockeySDK.framework",
				"$(_CARTHAGE_BUILD_PATH)/Lottie.framework",
			);
			name = "Carthage script";
			outputPaths = (
			);
			runOnlyForDeploymentPostprocessing = 0;
			shellPath = /bin/sh;
			shellScript = "carthage copy-frameworks";
		};
/* End PBXShellScriptBuildPhase section */

/* Begin PBXSourcesBuildPhase section */
		4EEF785C21108232002C2AE5 /* Sources */ = {
			isa = PBXSourcesBuildPhase;
			buildActionMask = 2147483647;
			files = (
				953794042121A611004C3195 /* Onboarding.swift in Sources */,
				4E2BA30921185B1500184424 /* Screen.swift in Sources */,
				4ED4EA662112EFE5008E931A /* CarsListTestCase.swift in Sources */,
				4E2BA30821185B1500184424 /* Recognition.swift in Sources */,
				4E2BA30C21185B1500184424 /* TestBuilder.swift in Sources */,
				4E2BA30B21185B1500184424 /* XCUITestCase.swift in Sources */,
				4E2BA30721185B1500184424 /* CarsList.swift in Sources */,
				4E2BA30A21185B1500184424 /* GherkinSyntax.swift in Sources */,
				4E2BA30E21185B1500184424 /* UIImage+RemovingStatusBar.swift in Sources */,
			);
			runOnlyForDeploymentPostprocessing = 0;
		};
		7C33E02520BD695600784D63 /* Sources */ = {
			isa = PBXSourcesBuildPhase;
			buildActionMask = 2147483647;
			files = (
				95F3D23F21496F4B00D4636C /* OnboardingAnimationPlayer.swift in Sources */,
				7CB817BE20C932E500B51C3D /* AlertPresentable.swift in Sources */,
				7C21A13E20EE7ABF001E5714 /* CarListCollectionViewCell.swift in Sources */,
				7CE4290420D13A9B00539FC6 /* NSObjectExtension.swift in Sources */,
				7CB817B120C930E200B51C3D /* ApplicationKeys.swift in Sources */,
				7C93D49520E62CE600AF6FFC /* RecognitionFlowController.swift in Sources */,
				7CB817C520C9336500B51C3D /* Localizable.swift in Sources */,
				7CEDA77B20ECD5FA00DF3AF0 /* CarsListView.swift in Sources */,
				7CB817BC20C9320700B51C3D /* CrashLogger.swift in Sources */,
				7CEDA77220ECD34100DF3AF0 /* FullOvalProgressView.swift in Sources */,
				7CEDA77020ECD32D00DF3AF0 /* PartOvalProgressView.swift in Sources */,
				7CB817EC20C937FB00B51C3D /* RecognitionView.swift in Sources */,
				953793FF211DDD2F004C3195 /* UserDefaultsService.swift in Sources */,
				7CE4290220D13A7D00539FC6 /* UITableViewExtension.swift in Sources */,
				7CEDA78620ED4EF900DF3AF0 /* NSAttributedStringFactory.swift in Sources */,
				7CB817F920C9686300B51C3D /* CRNumberFormatter.swift in Sources */,
				7CB817DE20C935B200B51C3D /* TableViewCell.swift in Sources */,
				E8379BB220FE18B9007D759B /* TextSwitcherView.swift in Sources */,
				7CAD86D920F4AB840064D50E /* LocalCarsDataService.swift in Sources */,
				7CEDA77420ECD35400DF3AF0 /* HorizontalProgressChartView.swift in Sources */,
				E852940920FCC377005B7A1A /* ViewProgressable.swift in Sources */,
				95F3D24121496F4B00D4636C /* OnboardingView.swift in Sources */,
				7CB817EA20C937EA00B51C3D /* RecognitionViewController.swift in Sources */,
				7CAD86E320F4B4840064D50E /* CarsDatabaseService.swift in Sources */,
				95F3D24321496F4B00D4636C /* OnboardingContentViewController.swift in Sources */,
				95F3D24421496F4B00D4636C /* OnboardingPageViewController.swift in Sources */,
				7CEDA77920ECD5F100DF3AF0 /* CarsListViewController.swift in Sources */,
				7C93D49D20E6367000AF6FFC /* UIViewControllerExtension.swift in Sources */,
				7CB817E020C935B200B51C3D /* View.swift in Sources */,
				7CAD86E520F4B6720064D50E /* CarsDataService.swift in Sources */,
				95F3D24221496F4B00D4636C /* OnboardingContentView.swift in Sources */,
				7CB817DF20C935B200B51C3D /* TypedViewController.swift in Sources */,
				7CEDA78020ED04DE00DF3AF0 /* UIFontExtension.swift in Sources */,
				7C3DC69920F77EFF005C8865 /* UIDeviceExtension.swift in Sources */,
				7C93D49020E627EB00AF6FFC /* ApplicationFactory.swift in Sources */,
				95F3D24021496F4B00D4636C /* OnboardingTransitionAnimationState.swift in Sources */,
				7C33E06F20BD729B00784D63 /* CarLensKeys.m in Sources */,
				7C57310E20EB897B00BE5751 /* CarARConfiguration.swift in Sources */,
				7C33E02D20BD695600784D63 /* ApplicationDelegate.swift in Sources */,
				7CB817E620C9368300B51C3D /* ApplicationFlowController.swift in Sources */,
				95F3D23D21496F4B00D4636C /* OnboardingFlowController.swift in Sources */,
				95F3D23E21496F4B00D4636C /* OnboardingViewController.swift in Sources */,
				E89D791820ECB230006D2D8D /* CarCardViewController.swift in Sources */,
				7CD6212720EDF9DE0035DDD7 /* LOTAnimationViewExtension.swift in Sources */,
				7C93D49B20E6317300AF6FFC /* AugmentedRealityView.swift in Sources */,
				7C77741920E65398007B3851 /* Car.swift in Sources */,
				E8E4B1A020EE2A65009A93B7 /* ModelNameView.swift in Sources */,
				7C3DC69720F771E0005C8865 /* CarScene.swift in Sources */,
				958B6F95216F866D00154E24 /* CarDetector.mlmodel in Sources */,
				7CB817CC20C934A900B51C3D /* SeparatorView.swift in Sources */,
				7C67179520F243C800183AB4 /* CarListCardView.swift in Sources */,
				953793FD211DB76D004C3195 /* NSAttributedStringExtension.swift in Sources */,
				7CAD86D420F383750064D50E /* SearchService.swift in Sources */,
				7CB817CE20C934DE00B51C3D /* DefaultLoader.swift in Sources */,
				E8ED0A2A20EF8A8A002CF8B7 /* CarImage.swift in Sources */,
				7C57311020EB904100BE5751 /* ARAnchorExtension.swift in Sources */,
				7CB817D620C9353200B51C3D /* UIViewExtension+Constraint.swift in Sources */,
				E89D791D20ECF9F0006D2D8D /* UIPanGestureRecognizerExtensions.swift in Sources */,
				7CB817C020C9332000B51C3D /* ViewSetupable.swift in Sources */,
				7C93D49220E62C8200AF6FFC /* FlowController.swift in Sources */,
				E89D791920ECB230006D2D8D /* CarCardView.swift in Sources */,
				7CB817FD20CA865700B51C3D /* CRTimeFormatter.swift in Sources */,
				95CA5ABD210851F0000B4B0D /* UIApplicationExtension.swift in Sources */,
				7CEDA78420ED474D00DF3AF0 /* CarSpecificationChartConfiguration.swift in Sources */,
				7C93D49920E6316900AF6FFC /* AugmentedRealityViewController.swift in Sources */,
				7CB817E220C935B200B51C3D /* KeyboardAwareViewController.swift in Sources */,
				7CB817D520C9353200B51C3D /* UIColorExtension.swift in Sources */,
				E8B63C7220F37588003C7F89 /* OvalProgressLayerView.swift in Sources */,
				950EC1A42163D3B4008BFC92 /* OnboardingIndicatorAnimationView.swift in Sources */,
				95CA5ABB21085108000B4B0D /* URLOpenerService.swift in Sources */,
				4E4CE75C215B9F030053C24B /* ToastDisplayer.swift in Sources */,
				95F3D246214974BB00D4636C /* ApplicationConstants.swift in Sources */,
				E8EC9DF320F630F000368E50 /* CameraAccessView.swift in Sources */,
				7CF269D820EA4FBB00DCC27D /* InputNormalizationService.swift in Sources */,
				7CB817E420C9362400B51C3D /* NavigationBarSetupable.swift in Sources */,
				7C21A14420EE8770001E5714 /* CarListLayoutAttributes.swift in Sources */,
				7CB817E120C935B200B51C3D /* FlowAwareViewController.swift in Sources */,
				7CB817F620C95BB200B51C3D /* RecognitionResult.swift in Sources */,
				E8EC9DF120F630E700368E50 /* CameraAccessViewController.swift in Sources */,
				958B6F94216F866D00154E24 /* CarRecognizer.mlmodel in Sources */,
				7CB817B320C9313500B51C3D /* ApplicationDependencies.swift in Sources */,
				7C77741620E650EC007B3851 /* SKNodeFactory.swift in Sources */,
				7C67179320EF85C600183AB4 /* LabeledCarImageView.swift in Sources */,
				95C7732720FCF66D001DBCC1 /* SystemMetrics.swift in Sources */,
				7CB817D320C9353200B51C3D /* UIStackViewExtension.swift in Sources */,
				7C77741320E64EC8007B3851 /* NodeShift.swift in Sources */,
				7CB817C920C933CB00B51C3D /* HockeyAppService.swift in Sources */,
				7C21A14220EE819F001E5714 /* CarListFlowLayout.swift in Sources */,
				7CAD86D220F342CB0064D50E /* CarListNavigationBar.swift in Sources */,
				7C21A14020EE807B001E5714 /* UICollectionViewExtension.swift in Sources */,
				7CB817C220C9333C00B51C3D /* Loader.swift in Sources */,
				7CF269D320EA432100DCC27D /* DetectionViewfinderView.swift in Sources */,
				7CEDA77620ECD36400DF3AF0 /* HorizontalStarsView.swift in Sources */,
				7CB817EE20C93B6700B51C3D /* CarClassificationService.swift in Sources */,
			);
			runOnlyForDeploymentPostprocessing = 0;
		};
		7C33E03920BD695700784D63 /* Sources */ = {
			isa = PBXSourcesBuildPhase;
			buildActionMask = 2147483647;
			files = (
				E8473F27210760B300EC9EF3 /* UIFontExtensionTests.swift in Sources */,
				95CA5AB22105F7D2000B4B0D /* LocalCarsDataServiceTests.swift in Sources */,
				95CA5ABF2108536A000B4B0D /* SearchServiceTests.swift in Sources */,
				E8473F0C21074C9A00EC9EF3 /* CarDatabaseServiceTests.swift in Sources */,
				E8473F2521075F0B00EC9EF3 /* UIStackViewExtensionTests.swift in Sources */,
				E8473F1121074E0F00EC9EF3 /* ModelsFactory.swift in Sources */,
				95CA5AB02105E547000B4B0D /* FormattersTests.swift in Sources */,
				95C7732A21022879001DBCC1 /* SystemMetricsTests.swift in Sources */,
				E8473F1E21075D7800EC9EF3 /* CarSpecificationChartConfigurationTests.swift in Sources */,
				95CA5AB421060064000B4B0D /* RecognitionResultTests.swift in Sources */,
				95CA5AB6210745A1000B4B0D /* CarsDataServiceTests.swift in Sources */,
				95CA5AC221085668000B4B0D /* UIApplicationMock.swift in Sources */,
				E8473F1A210756F200EC9EF3 /* CarTests.swift in Sources */,
				7CF269DA20EA527500DCC27D /* InputNormalizationServiceTests.swift in Sources */,
				E8473F1C210757ED00EC9EF3 /* CarARConfigurationTests.swift in Sources */,
				E8473F18210752A300EC9EF3 /* JSON.swift in Sources */,
			);
			runOnlyForDeploymentPostprocessing = 0;
		};
/* End PBXSourcesBuildPhase section */

/* Begin PBXTargetDependency section */
		4EEF786621108232002C2AE5 /* PBXTargetDependency */ = {
			isa = PBXTargetDependency;
			target = 7C33E02820BD695600784D63 /* CarLens */;
			targetProxy = 4EEF786521108232002C2AE5 /* PBXContainerItemProxy */;
		};
		7C33E03F20BD695700784D63 /* PBXTargetDependency */ = {
			isa = PBXTargetDependency;
			target = 7C33E02820BD695600784D63 /* CarLens */;
			targetProxy = 7C33E03E20BD695700784D63 /* PBXContainerItemProxy */;
		};
/* End PBXTargetDependency section */

/* Begin PBXVariantGroup section */
		7C33E03520BD695700784D63 /* LaunchScreen.storyboard */ = {
			isa = PBXVariantGroup;
			children = (
				7C33E03620BD695700784D63 /* Base */,
			);
			name = LaunchScreen.storyboard;
			sourceTree = "<group>";
		};
/* End PBXVariantGroup section */

/* Begin XCBuildConfiguration section */
		4EEF786721108232002C2AE5 /* Development */ = {
			isa = XCBuildConfiguration;
			baseConfigurationReference = 4E5D80D3211824E600ABA404 /* TestUI-Common.xcconfig */;
			buildSettings = {
			};
			name = Development;
		};
		4EEF786821108232002C2AE5 /* Release */ = {
			isa = XCBuildConfiguration;
			baseConfigurationReference = 4E5D80D3211824E600ABA404 /* TestUI-Common.xcconfig */;
			buildSettings = {
			};
			name = Release;
		};
		4EEF786921108232002C2AE5 /* Staging */ = {
			isa = XCBuildConfiguration;
			baseConfigurationReference = 4E5D80D3211824E600ABA404 /* TestUI-Common.xcconfig */;
			buildSettings = {
			};
			name = Staging;
		};
		7C33E06320BD707D00784D63 /* Development */ = {
			isa = XCBuildConfiguration;
			buildSettings = {
			};
			name = Development;
		};
		7C33E06420BD707D00784D63 /* Development */ = {
			isa = XCBuildConfiguration;
			baseConfigurationReference = 7C33E06220BD6E6200784D63 /* App-Development.xcconfig */;
			buildSettings = {
			};
			name = Development;
		};
		7C33E06520BD707D00784D63 /* Development */ = {
			isa = XCBuildConfiguration;
			baseConfigurationReference = 7C33E06020BD6E6100784D63 /* Test-Common.xcconfig */;
			buildSettings = {
			};
			name = Development;
		};
		7C33E06620BD708800784D63 /* Staging */ = {
			isa = XCBuildConfiguration;
			buildSettings = {
			};
			name = Staging;
		};
		7C33E06720BD708800784D63 /* Staging */ = {
			isa = XCBuildConfiguration;
			baseConfigurationReference = 7C33E05F20BD6E6100784D63 /* App-Staging.xcconfig */;
			buildSettings = {
			};
			name = Staging;
		};
		7C33E06820BD708800784D63 /* Staging */ = {
			isa = XCBuildConfiguration;
			baseConfigurationReference = 7C33E06020BD6E6100784D63 /* Test-Common.xcconfig */;
			buildSettings = {
			};
			name = Staging;
		};
		E8ABD40D210898A6004F9513 /* Release */ = {
			isa = XCBuildConfiguration;
			buildSettings = {
			};
			name = Release;
		};
		E8ABD40E210898A6004F9513 /* Release */ = {
			isa = XCBuildConfiguration;
			baseConfigurationReference = E8ABD40C210897C3004F9513 /* App-Release.xcconfig */;
			buildSettings = {
				ENABLE_TESTABILITY = "$(_BUNDLE_TESTABLE)";
			};
			name = Release;
		};
		E8ABD40F210898A6004F9513 /* Release */ = {
			isa = XCBuildConfiguration;
			baseConfigurationReference = 7C33E06020BD6E6100784D63 /* Test-Common.xcconfig */;
			buildSettings = {
			};
			name = Release;
		};
/* End XCBuildConfiguration section */

/* Begin XCConfigurationList section */
		4EEF786A21108232002C2AE5 /* Build configuration list for PBXNativeTarget "CarRecognitionUITests" */ = {
			isa = XCConfigurationList;
			buildConfigurations = (
				4EEF786721108232002C2AE5 /* Development */,
				4EEF786821108232002C2AE5 /* Release */,
				4EEF786921108232002C2AE5 /* Staging */,
			);
			defaultConfigurationIsVisible = 0;
			defaultConfigurationName = Development;
		};
		7C33E02420BD695600784D63 /* Build configuration list for PBXProject "CarLens" */ = {
			isa = XCConfigurationList;
			buildConfigurations = (
				7C33E06320BD707D00784D63 /* Development */,
				E8ABD40D210898A6004F9513 /* Release */,
				7C33E06620BD708800784D63 /* Staging */,
			);
			defaultConfigurationIsVisible = 0;
			defaultConfigurationName = Development;
		};
		7C33E04620BD695700784D63 /* Build configuration list for PBXNativeTarget "CarLens" */ = {
			isa = XCConfigurationList;
			buildConfigurations = (
				7C33E06420BD707D00784D63 /* Development */,
				E8ABD40E210898A6004F9513 /* Release */,
				7C33E06720BD708800784D63 /* Staging */,
			);
			defaultConfigurationIsVisible = 0;
			defaultConfigurationName = Development;
		};
		7C33E04920BD695700784D63 /* Build configuration list for PBXNativeTarget "CarLensTests" */ = {
			isa = XCConfigurationList;
			buildConfigurations = (
				7C33E06520BD707D00784D63 /* Development */,
				E8ABD40F210898A6004F9513 /* Release */,
				7C33E06820BD708800784D63 /* Staging */,
			);
			defaultConfigurationIsVisible = 0;
			defaultConfigurationName = Development;
		};
/* End XCConfigurationList section */
	};
	rootObject = 7C33E02120BD695600784D63 /* Project object */;
}
